// !$*UTF8*$!
{
	archiveVersion = 1;
	classes = {
	};
	objectVersion = 51;
	objects = {

/* Begin PBXBuildFile section */
		248449CB3C6D55648E1CB065 /* Pods_AtlasUITests.framework in Frameworks */ = {isa = PBXBuildFile; fileRef = 8AA48707140C7C543758D0AE /* Pods_AtlasUITests.framework */; };
		A000D3D8240ECABC00B4739E /* APIClientTests.swift in Sources */ = {isa = PBXBuildFile; fileRef = A000D3D7240ECABC00B4739E /* APIClientTests.swift */; };
		A01A8043240EA371008B5A30 /* Events.json in Resources */ = {isa = PBXBuildFile; fileRef = A01A8042240EA371008B5A30 /* Events.json */; };
		A01A805C240EC549008B5A30 /* APIClientProtocol.swift in Sources */ = {isa = PBXBuildFile; fileRef = A01A805B240EC549008B5A30 /* APIClientProtocol.swift */; };
		A01A8062240EC5E8008B5A30 /* EventListPresentationProtocol.swift in Sources */ = {isa = PBXBuildFile; fileRef = A01A8061240EC5E8008B5A30 /* EventListPresentationProtocol.swift */; };
		A01A8065240EC5FE008B5A30 /* EventListInteractionProtocol.swift in Sources */ = {isa = PBXBuildFile; fileRef = A01A8064240EC5FE008B5A30 /* EventListInteractionProtocol.swift */; };
		A01A8068240EC621008B5A30 /* EventListViewOutputProtocol.swift in Sources */ = {isa = PBXBuildFile; fileRef = A01A8067240EC621008B5A30 /* EventListViewOutputProtocol.swift */; };
		A03E2AD5241007A900B45712 /* EventSummary.swift in Sources */ = {isa = PBXBuildFile; fileRef = A03E2AD4241007A900B45712 /* EventSummary.swift */; };
		A03E2AD62410087100B45712 /* EventSummary.swift in Sources */ = {isa = PBXBuildFile; fileRef = A03E2AD4241007A900B45712 /* EventSummary.swift */; };
		A03E2AD8241009BA00B45712 /* MockAPIClient.swift in Sources */ = {isa = PBXBuildFile; fileRef = A03E2AD7241009BA00B45712 /* MockAPIClient.swift */; };
		A03E2AD9241009BF00B45712 /* MockAPIClient.swift in Sources */ = {isa = PBXBuildFile; fileRef = A03E2AD7241009BA00B45712 /* MockAPIClient.swift */; };
		A03E2ADB241009FE00B45712 /* DataContainer.swift in Sources */ = {isa = PBXBuildFile; fileRef = A03E2ADA241009FE00B45712 /* DataContainer.swift */; };
		A03E2ADC24100A0400B45712 /* DataContainer.swift in Sources */ = {isa = PBXBuildFile; fileRef = A03E2ADA241009FE00B45712 /* DataContainer.swift */; };
		A03EECF02411547A00FCDD8C /* AWSClient.swift in Sources */ = {isa = PBXBuildFile; fileRef = A03EECEF2411547A00FCDD8C /* AWSClient.swift */; };
		A03EECF1241154B200FCDD8C /* AWSClient.swift in Sources */ = {isa = PBXBuildFile; fileRef = A03EECEF2411547A00FCDD8C /* AWSClient.swift */; };
		A03EECF424127AF300FCDD8C /* NetworkError.swift in Sources */ = {isa = PBXBuildFile; fileRef = A03EECF324127AF300FCDD8C /* NetworkError.swift */; };
		A03EECF524127AFD00FCDD8C /* NetworkError.swift in Sources */ = {isa = PBXBuildFile; fileRef = A03EECF324127AF300FCDD8C /* NetworkError.swift */; };
		A05CC7FB240ED72700331CF7 /* APIClientProtocol.swift in Sources */ = {isa = PBXBuildFile; fileRef = A01A805B240EC549008B5A30 /* APIClientProtocol.swift */; };
		A075E3882409B107006F891F /* awsconfiguration.json in Resources */ = {isa = PBXBuildFile; fileRef = A075E3872409B106006F891F /* awsconfiguration.json */; };
		A075E38E240E8201006F891F /* API.swift in Sources */ = {isa = PBXBuildFile; fileRef = A075E38D240E8201006F891F /* API.swift */; };
		A0B661B52400265F001C5B40 /* AppDelegate.swift in Sources */ = {isa = PBXBuildFile; fileRef = A0B661B42400265F001C5B40 /* AppDelegate.swift */; };
		A0B661B92400265F001C5B40 /* EventListViewController.swift in Sources */ = {isa = PBXBuildFile; fileRef = A0B661B82400265F001C5B40 /* EventListViewController.swift */; };
		A0B661BE24002660001C5B40 /* Assets.xcassets in Resources */ = {isa = PBXBuildFile; fileRef = A0B661BD24002660001C5B40 /* Assets.xcassets */; };
		A0B661C124002661001C5B40 /* LaunchScreen.storyboard in Resources */ = {isa = PBXBuildFile; fileRef = A0B661BF24002661001C5B40 /* LaunchScreen.storyboard */; };
		A0B661CC24002661001C5B40 /* AtlasTests.swift in Sources */ = {isa = PBXBuildFile; fileRef = A0B661CB24002661001C5B40 /* AtlasTests.swift */; };
		A0B661D724002661001C5B40 /* AtlasUITests.swift in Sources */ = {isa = PBXBuildFile; fileRef = A0B661D624002661001C5B40 /* AtlasUITests.swift */; };
		A0DBC48024014C43002419C6 /* EventListInteractor.swift in Sources */ = {isa = PBXBuildFile; fileRef = A0DBC47F24014C43002419C6 /* EventListInteractor.swift */; };
		A0DBC4862401CC57002419C6 /* EventListPresenter.swift in Sources */ = {isa = PBXBuildFile; fileRef = A0DBC4852401CC57002419C6 /* EventListPresenter.swift */; };
		A0DBC4892401CC86002419C6 /* EventService.swift in Sources */ = {isa = PBXBuildFile; fileRef = A0DBC4882401CC86002419C6 /* EventService.swift */; };
		D67B2EEF1A4087F5B57E076D /* Pods_Atlas_AtlasTests.framework in Frameworks */ = {isa = PBXBuildFile; fileRef = C083B80D55FBBCBA506E560C /* Pods_Atlas_AtlasTests.framework */; };
		FCB58863BC11DF4258B6FA5B /* Pods_Atlas.framework in Frameworks */ = {isa = PBXBuildFile; fileRef = 56497F2372BE0C7AA23CEAAF /* Pods_Atlas.framework */; };
/* End PBXBuildFile section */

/* Begin PBXContainerItemProxy section */
		A03562F5240EDEA900299AC4 /* PBXContainerItemProxy */ = {
			isa = PBXContainerItemProxy;
			containerPortal = A0B661A92400265F001C5B40 /* Project object */;
			proxyType = 1;
			remoteGlobalIDString = A0B661B02400265F001C5B40;
			remoteInfo = Atlas;
		};
		A0B661D324002661001C5B40 /* PBXContainerItemProxy */ = {
			isa = PBXContainerItemProxy;
			containerPortal = A0B661A92400265F001C5B40 /* Project object */;
			proxyType = 1;
			remoteGlobalIDString = A0B661B02400265F001C5B40;
			remoteInfo = Atlas;
		};
/* End PBXContainerItemProxy section */

/* Begin PBXFileReference section */
		0682ECE22C2A271A34D67191 /* Pods-AtlasUITests.debug.xcconfig */ = {isa = PBXFileReference; includeInIndex = 1; lastKnownFileType = text.xcconfig; name = "Pods-AtlasUITests.debug.xcconfig"; path = "Target Support Files/Pods-AtlasUITests/Pods-AtlasUITests.debug.xcconfig"; sourceTree = "<group>"; };
		20AF0E40AC13C366A6F115BB /* Pods-Atlas.debug.xcconfig */ = {isa = PBXFileReference; includeInIndex = 1; lastKnownFileType = text.xcconfig; name = "Pods-Atlas.debug.xcconfig"; path = "Target Support Files/Pods-Atlas/Pods-Atlas.debug.xcconfig"; sourceTree = "<group>"; };
		2ADB5E1BEB8C2F048D089991 /* Pods-AtlasUITests.release.xcconfig */ = {isa = PBXFileReference; includeInIndex = 1; lastKnownFileType = text.xcconfig; name = "Pods-AtlasUITests.release.xcconfig"; path = "Target Support Files/Pods-AtlasUITests/Pods-AtlasUITests.release.xcconfig"; sourceTree = "<group>"; };
		47B33BE662AA3E9DAD41AE5C /* Pods-Atlas-AtlasTests.release.xcconfig */ = {isa = PBXFileReference; includeInIndex = 1; lastKnownFileType = text.xcconfig; name = "Pods-Atlas-AtlasTests.release.xcconfig"; path = "Target Support Files/Pods-Atlas-AtlasTests/Pods-Atlas-AtlasTests.release.xcconfig"; sourceTree = "<group>"; };
		56497F2372BE0C7AA23CEAAF /* Pods_Atlas.framework */ = {isa = PBXFileReference; explicitFileType = wrapper.framework; includeInIndex = 0; path = Pods_Atlas.framework; sourceTree = BUILT_PRODUCTS_DIR; };
		7A8B9AFFE0BA61DD04AE4614 /* Pods-Atlas.release.xcconfig */ = {isa = PBXFileReference; includeInIndex = 1; lastKnownFileType = text.xcconfig; name = "Pods-Atlas.release.xcconfig"; path = "Target Support Files/Pods-Atlas/Pods-Atlas.release.xcconfig"; sourceTree = "<group>"; };
		8AA48707140C7C543758D0AE /* Pods_AtlasUITests.framework */ = {isa = PBXFileReference; explicitFileType = wrapper.framework; includeInIndex = 0; path = Pods_AtlasUITests.framework; sourceTree = BUILT_PRODUCTS_DIR; };
		A000D3D7240ECABC00B4739E /* APIClientTests.swift */ = {isa = PBXFileReference; lastKnownFileType = sourcecode.swift; path = APIClientTests.swift; sourceTree = "<group>"; };
		A01A8042240EA371008B5A30 /* Events.json */ = {isa = PBXFileReference; explicitFileType = text.json; path = Events.json; sourceTree = "<group>"; xcLanguageSpecificationIdentifier = xcode.lang.json; };
		A01A805B240EC549008B5A30 /* APIClientProtocol.swift */ = {isa = PBXFileReference; lastKnownFileType = sourcecode.swift; path = APIClientProtocol.swift; sourceTree = "<group>"; };
		A01A8061240EC5E8008B5A30 /* EventListPresentationProtocol.swift */ = {isa = PBXFileReference; lastKnownFileType = sourcecode.swift; path = EventListPresentationProtocol.swift; sourceTree = "<group>"; };
		A01A8064240EC5FE008B5A30 /* EventListInteractionProtocol.swift */ = {isa = PBXFileReference; lastKnownFileType = sourcecode.swift; path = EventListInteractionProtocol.swift; sourceTree = "<group>"; };
		A01A8067240EC621008B5A30 /* EventListViewOutputProtocol.swift */ = {isa = PBXFileReference; lastKnownFileType = sourcecode.swift; path = EventListViewOutputProtocol.swift; sourceTree = "<group>"; };
		A03E2AD4241007A900B45712 /* EventSummary.swift */ = {isa = PBXFileReference; lastKnownFileType = sourcecode.swift; path = EventSummary.swift; sourceTree = "<group>"; };
		A03E2AD7241009BA00B45712 /* MockAPIClient.swift */ = {isa = PBXFileReference; lastKnownFileType = sourcecode.swift; path = MockAPIClient.swift; sourceTree = "<group>"; };
		A03E2ADA241009FE00B45712 /* DataContainer.swift */ = {isa = PBXFileReference; lastKnownFileType = sourcecode.swift; path = DataContainer.swift; sourceTree = "<group>"; };
		A03EECEF2411547A00FCDD8C /* AWSClient.swift */ = {isa = PBXFileReference; lastKnownFileType = sourcecode.swift; path = AWSClient.swift; sourceTree = "<group>"; };
		A03EECF324127AF300FCDD8C /* NetworkError.swift */ = {isa = PBXFileReference; lastKnownFileType = sourcecode.swift; path = NetworkError.swift; sourceTree = "<group>"; };
		A075E3872409B106006F891F /* awsconfiguration.json */ = {isa = PBXFileReference; fileEncoding = 4; lastKnownFileType = text.json; path = awsconfiguration.json; sourceTree = SOURCE_ROOT; };
		A075E38D240E8201006F891F /* API.swift */ = {isa = PBXFileReference; fileEncoding = 4; lastKnownFileType = sourcecode.swift; path = API.swift; sourceTree = SOURCE_ROOT; };
		A0B661B12400265F001C5B40 /* Atlas.app */ = {isa = PBXFileReference; explicitFileType = wrapper.application; includeInIndex = 0; path = Atlas.app; sourceTree = BUILT_PRODUCTS_DIR; };
		A0B661B42400265F001C5B40 /* AppDelegate.swift */ = {isa = PBXFileReference; lastKnownFileType = sourcecode.swift; path = AppDelegate.swift; sourceTree = "<group>"; };
		A0B661B82400265F001C5B40 /* EventListViewController.swift */ = {isa = PBXFileReference; lastKnownFileType = sourcecode.swift; path = EventListViewController.swift; sourceTree = "<group>"; };
		A0B661BD24002660001C5B40 /* Assets.xcassets */ = {isa = PBXFileReference; lastKnownFileType = folder.assetcatalog; path = Assets.xcassets; sourceTree = "<group>"; };
		A0B661C024002661001C5B40 /* Base */ = {isa = PBXFileReference; lastKnownFileType = file.storyboard; name = Base; path = Base.lproj/LaunchScreen.storyboard; sourceTree = "<group>"; };
		A0B661C224002661001C5B40 /* Info.plist */ = {isa = PBXFileReference; lastKnownFileType = text.plist.xml; path = Info.plist; sourceTree = "<group>"; };
		A0B661C724002661001C5B40 /* AtlasTests.xctest */ = {isa = PBXFileReference; explicitFileType = wrapper.cfbundle; includeInIndex = 0; path = AtlasTests.xctest; sourceTree = BUILT_PRODUCTS_DIR; };
		A0B661CB24002661001C5B40 /* AtlasTests.swift */ = {isa = PBXFileReference; lastKnownFileType = sourcecode.swift; path = AtlasTests.swift; sourceTree = "<group>"; };
		A0B661CD24002661001C5B40 /* Info.plist */ = {isa = PBXFileReference; lastKnownFileType = text.plist.xml; path = Info.plist; sourceTree = "<group>"; };
		A0B661D224002661001C5B40 /* AtlasUITests.xctest */ = {isa = PBXFileReference; explicitFileType = wrapper.cfbundle; includeInIndex = 0; path = AtlasUITests.xctest; sourceTree = BUILT_PRODUCTS_DIR; };
		A0B661D624002661001C5B40 /* AtlasUITests.swift */ = {isa = PBXFileReference; lastKnownFileType = sourcecode.swift; path = AtlasUITests.swift; sourceTree = "<group>"; };
		A0B661D824002661001C5B40 /* Info.plist */ = {isa = PBXFileReference; lastKnownFileType = text.plist.xml; path = Info.plist; sourceTree = "<group>"; };
		A0DBC47F24014C43002419C6 /* EventListInteractor.swift */ = {isa = PBXFileReference; lastKnownFileType = sourcecode.swift; path = EventListInteractor.swift; sourceTree = "<group>"; };
		A0DBC4852401CC57002419C6 /* EventListPresenter.swift */ = {isa = PBXFileReference; lastKnownFileType = sourcecode.swift; path = EventListPresenter.swift; sourceTree = "<group>"; };
		A0DBC4882401CC86002419C6 /* EventService.swift */ = {isa = PBXFileReference; lastKnownFileType = sourcecode.swift; path = EventService.swift; sourceTree = "<group>"; };
		C083B80D55FBBCBA506E560C /* Pods_Atlas_AtlasTests.framework */ = {isa = PBXFileReference; explicitFileType = wrapper.framework; includeInIndex = 0; path = Pods_Atlas_AtlasTests.framework; sourceTree = BUILT_PRODUCTS_DIR; };
		CE01D6A39A386AF4534E8C2A /* Pods-AtlasTests.debug.xcconfig */ = {isa = PBXFileReference; includeInIndex = 1; lastKnownFileType = text.xcconfig; name = "Pods-AtlasTests.debug.xcconfig"; path = "Target Support Files/Pods-AtlasTests/Pods-AtlasTests.debug.xcconfig"; sourceTree = "<group>"; };
		D8C5FE42EC600F9FCD056ECE /* Pods-AtlasTests.release.xcconfig */ = {isa = PBXFileReference; includeInIndex = 1; lastKnownFileType = text.xcconfig; name = "Pods-AtlasTests.release.xcconfig"; path = "Target Support Files/Pods-AtlasTests/Pods-AtlasTests.release.xcconfig"; sourceTree = "<group>"; };
		EC3F48CF986D9829F5CED7F7 /* Pods-Atlas-AtlasTests.debug.xcconfig */ = {isa = PBXFileReference; includeInIndex = 1; lastKnownFileType = text.xcconfig; name = "Pods-Atlas-AtlasTests.debug.xcconfig"; path = "Target Support Files/Pods-Atlas-AtlasTests/Pods-Atlas-AtlasTests.debug.xcconfig"; sourceTree = "<group>"; };
/* End PBXFileReference section */

/* Begin PBXFrameworksBuildPhase section */
		A0B661AE2400265F001C5B40 /* Frameworks */ = {
			isa = PBXFrameworksBuildPhase;
			buildActionMask = 2147483647;
			files = (
				FCB58863BC11DF4258B6FA5B /* Pods_Atlas.framework in Frameworks */,
			);
			runOnlyForDeploymentPostprocessing = 0;
		};
		A0B661C424002661001C5B40 /* Frameworks */ = {
			isa = PBXFrameworksBuildPhase;
			buildActionMask = 2147483647;
			files = (
				D67B2EEF1A4087F5B57E076D /* Pods_Atlas_AtlasTests.framework in Frameworks */,
			);
			runOnlyForDeploymentPostprocessing = 0;
		};
		A0B661CF24002661001C5B40 /* Frameworks */ = {
			isa = PBXFrameworksBuildPhase;
			buildActionMask = 2147483647;
			files = (
				248449CB3C6D55648E1CB065 /* Pods_AtlasUITests.framework in Frameworks */,
			);
			runOnlyForDeploymentPostprocessing = 0;
		};
/* End PBXFrameworksBuildPhase section */

/* Begin PBXGroup section */
		95CEF6FD256C1CF74FDF6037 /* Pods */ = {
			isa = PBXGroup;
			children = (
				20AF0E40AC13C366A6F115BB /* Pods-Atlas.debug.xcconfig */,
				7A8B9AFFE0BA61DD04AE4614 /* Pods-Atlas.release.xcconfig */,
				CE01D6A39A386AF4534E8C2A /* Pods-AtlasTests.debug.xcconfig */,
				D8C5FE42EC600F9FCD056ECE /* Pods-AtlasTests.release.xcconfig */,
				0682ECE22C2A271A34D67191 /* Pods-AtlasUITests.debug.xcconfig */,
				2ADB5E1BEB8C2F048D089991 /* Pods-AtlasUITests.release.xcconfig */,
				EC3F48CF986D9829F5CED7F7 /* Pods-Atlas-AtlasTests.debug.xcconfig */,
				47B33BE662AA3E9DAD41AE5C /* Pods-Atlas-AtlasTests.release.xcconfig */,
			);
			path = Pods;
			sourceTree = "<group>";
		};
		991808CDF031BF198AF0FD0A /* Frameworks */ = {
			isa = PBXGroup;
			children = (
				56497F2372BE0C7AA23CEAAF /* Pods_Atlas.framework */,
				8AA48707140C7C543758D0AE /* Pods_AtlasUITests.framework */,
				C083B80D55FBBCBA506E560C /* Pods_Atlas_AtlasTests.framework */,
			);
			name = Frameworks;
			sourceTree = "<group>";
		};
		A000D3D6240EC9E300B4739E /* Mocks */ = {
			isa = PBXGroup;
			children = (
				A01A8042240EA371008B5A30 /* Events.json */,
			);
			path = Mocks;
			sourceTree = "<group>";
		};
		A01A805A240EC538008B5A30 /* Protocols */ = {
			isa = PBXGroup;
			children = (
				A01A8061240EC5E8008B5A30 /* EventListPresentationProtocol.swift */,
				A01A8064240EC5FE008B5A30 /* EventListInteractionProtocol.swift */,
				A01A8067240EC621008B5A30 /* EventListViewOutputProtocol.swift */,
			);
			path = Protocols;
			sourceTree = "<group>";
		};
		A03562F7240EF70800299AC4 /* Models */ = {
			isa = PBXGroup;
			children = (
				A03E2AD4241007A900B45712 /* EventSummary.swift */,
				A03E2ADA241009FE00B45712 /* DataContainer.swift */,
			);
			path = Models;
			sourceTree = "<group>";
		};
		A03B2C88240EC93800A6A411 /* EventListScene */ = {
			isa = PBXGroup;
			children = (
				A01A805A240EC538008B5A30 /* Protocols */,
				A0DBC4852401CC57002419C6 /* EventListPresenter.swift */,
				A0DBC47F24014C43002419C6 /* EventListInteractor.swift */,
				A0B661B82400265F001C5B40 /* EventListViewController.swift */,
			);
			path = EventListScene;
			sourceTree = "<group>";
		};
		A03EECF224127AD700FCDD8C /* Errors */ = {
			isa = PBXGroup;
			children = (
				A03EECF324127AF300FCDD8C /* NetworkError.swift */,
			);
			path = Errors;
			sourceTree = "<group>";
		};
		A03F48C62403050C00992232 /* Network */ = {
			isa = PBXGroup;
			children = (
				A01A805B240EC549008B5A30 /* APIClientProtocol.swift */,
				A03E2AD7241009BA00B45712 /* MockAPIClient.swift */,
				A03EECEF2411547A00FCDD8C /* AWSClient.swift */,
			);
			path = Network;
			sourceTree = "<group>";
		};
		A0B661A82400265F001C5B40 = {
			isa = PBXGroup;
			children = (
				A0B661B32400265F001C5B40 /* Atlas */,
				A0B661CA24002661001C5B40 /* AtlasTests */,
				A0B661D524002661001C5B40 /* AtlasUITests */,
				A0B661B22400265F001C5B40 /* Products */,
				95CEF6FD256C1CF74FDF6037 /* Pods */,
				991808CDF031BF198AF0FD0A /* Frameworks */,
			);
			sourceTree = "<group>";
		};
		A0B661B22400265F001C5B40 /* Products */ = {
			isa = PBXGroup;
			children = (
				A0B661B12400265F001C5B40 /* Atlas.app */,
				A0B661C724002661001C5B40 /* AtlasTests.xctest */,
				A0B661D224002661001C5B40 /* AtlasUITests.xctest */,
			);
			name = Products;
			sourceTree = "<group>";
		};
		A0B661B32400265F001C5B40 /* Atlas */ = {
			isa = PBXGroup;
			children = (
				A075E38D240E8201006F891F /* API.swift */,
				A075E3872409B106006F891F /* awsconfiguration.json */,
				A0B661B42400265F001C5B40 /* AppDelegate.swift */,
				A03EECF224127AD700FCDD8C /* Errors */,
				A000D3D6240EC9E300B4739E /* Mocks */,
				A03562F7240EF70800299AC4 /* Models */,
				A03F48C62403050C00992232 /* Network */,
				A0DBC4872401CC72002419C6 /* Service */,
				A03B2C88240EC93800A6A411 /* EventListScene */,
				A0B661BD24002660001C5B40 /* Assets.xcassets */,
				A0B661BF24002661001C5B40 /* LaunchScreen.storyboard */,
				A0B661C224002661001C5B40 /* Info.plist */,
			);
			path = Atlas;
			sourceTree = "<group>";
		};
		A0B661CA24002661001C5B40 /* AtlasTests */ = {
			isa = PBXGroup;
			children = (
				A0B661CB24002661001C5B40 /* AtlasTests.swift */,
				A0B661CD24002661001C5B40 /* Info.plist */,
				A000D3D7240ECABC00B4739E /* APIClientTests.swift */,
			);
			path = AtlasTests;
			sourceTree = "<group>";
		};
		A0B661D524002661001C5B40 /* AtlasUITests */ = {
			isa = PBXGroup;
			children = (
				A0B661D624002661001C5B40 /* AtlasUITests.swift */,
				A0B661D824002661001C5B40 /* Info.plist */,
			);
			path = AtlasUITests;
			sourceTree = "<group>";
		};
		A0DBC4872401CC72002419C6 /* Service */ = {
			isa = PBXGroup;
			children = (
				A0DBC4882401CC86002419C6 /* EventService.swift */,
			);
			path = Service;
			sourceTree = "<group>";
		};
/* End PBXGroup section */

/* Begin PBXNativeTarget section */
		A0B661B02400265F001C5B40 /* Atlas */ = {
			isa = PBXNativeTarget;
			buildConfigurationList = A0B661DB24002661001C5B40 /* Build configuration list for PBXNativeTarget "Atlas" */;
			buildPhases = (
				5A718B73CE154C601F090824 /* [CP] Check Pods Manifest.lock */,
				A0B661AD2400265F001C5B40 /* Sources */,
				A0B661AE2400265F001C5B40 /* Frameworks */,
				A0B661AF2400265F001C5B40 /* Resources */,
				0B4FBE8063F085AF8F8E417E /* [CP] Embed Pods Frameworks */,
			);
			buildRules = (
			);
			dependencies = (
			);
			name = Atlas;
			productName = Atlas;
			productReference = A0B661B12400265F001C5B40 /* Atlas.app */;
			productType = "com.apple.product-type.application";
		};
		A0B661C624002661001C5B40 /* AtlasTests */ = {
			isa = PBXNativeTarget;
			buildConfigurationList = A0B661DE24002661001C5B40 /* Build configuration list for PBXNativeTarget "AtlasTests" */;
			buildPhases = (
				B6EF6A5B8D71B311D8FB653D /* [CP] Check Pods Manifest.lock */,
				A0B661C324002661001C5B40 /* Sources */,
				A0B661C424002661001C5B40 /* Frameworks */,
				A0B661C524002661001C5B40 /* Resources */,
				9E0438228107397A70A26809 /* [CP] Embed Pods Frameworks */,
			);
			buildRules = (
			);
			dependencies = (
				A03562F6240EDEA900299AC4 /* PBXTargetDependency */,
			);
			name = AtlasTests;
			productName = AtlasTests;
			productReference = A0B661C724002661001C5B40 /* AtlasTests.xctest */;
			productType = "com.apple.product-type.bundle.unit-test";
		};
		A0B661D124002661001C5B40 /* AtlasUITests */ = {
			isa = PBXNativeTarget;
			buildConfigurationList = A0B661E124002661001C5B40 /* Build configuration list for PBXNativeTarget "AtlasUITests" */;
			buildPhases = (
				1B33EA3E8650CD45F3F5AAB7 /* [CP] Check Pods Manifest.lock */,
				A0B661CE24002661001C5B40 /* Sources */,
				A0B661CF24002661001C5B40 /* Frameworks */,
				A0B661D024002661001C5B40 /* Resources */,
			);
			buildRules = (
			);
			dependencies = (
				A0B661D424002661001C5B40 /* PBXTargetDependency */,
			);
			name = AtlasUITests;
			productName = AtlasUITests;
			productReference = A0B661D224002661001C5B40 /* AtlasUITests.xctest */;
			productType = "com.apple.product-type.bundle.ui-testing";
		};
/* End PBXNativeTarget section */

/* Begin PBXProject section */
		A0B661A92400265F001C5B40 /* Project object */ = {
			isa = PBXProject;
			attributes = {
				LastSwiftUpdateCheck = 1130;
				LastUpgradeCheck = 1130;
				ORGANIZATIONNAME = "Parvin Sital";
				TargetAttributes = {
					A0B661B02400265F001C5B40 = {
						CreatedOnToolsVersion = 11.3.1;
					};
					A0B661C624002661001C5B40 = {
						CreatedOnToolsVersion = 11.3.1;
					};
					A0B661D124002661001C5B40 = {
						CreatedOnToolsVersion = 11.3.1;
						TestTargetID = A0B661B02400265F001C5B40;
					};
				};
			};
			buildConfigurationList = A0B661AC2400265F001C5B40 /* Build configuration list for PBXProject "Atlas" */;
			compatibilityVersion = "Xcode 9.3";
			developmentRegion = en;
			hasScannedForEncodings = 0;
			knownRegions = (
				en,
				Base,
			);
			mainGroup = A0B661A82400265F001C5B40;
			productRefGroup = A0B661B22400265F001C5B40 /* Products */;
			projectDirPath = "";
			projectRoot = "";
			targets = (
				A0B661B02400265F001C5B40 /* Atlas */,
				A0B661C624002661001C5B40 /* AtlasTests */,
				A0B661D124002661001C5B40 /* AtlasUITests */,
			);
		};
/* End PBXProject section */

/* Begin PBXResourcesBuildPhase section */
		A0B661AF2400265F001C5B40 /* Resources */ = {
			isa = PBXResourcesBuildPhase;
			buildActionMask = 2147483647;
			files = (
				A0B661C124002661001C5B40 /* LaunchScreen.storyboard in Resources */,
				A0B661BE24002660001C5B40 /* Assets.xcassets in Resources */,
				A075E3882409B107006F891F /* awsconfiguration.json in Resources */,
			);
			runOnlyForDeploymentPostprocessing = 0;
		};
		A0B661C524002661001C5B40 /* Resources */ = {
			isa = PBXResourcesBuildPhase;
			buildActionMask = 2147483647;
			files = (
				A01A8043240EA371008B5A30 /* Events.json in Resources */,
			);
			runOnlyForDeploymentPostprocessing = 0;
		};
		A0B661D024002661001C5B40 /* Resources */ = {
			isa = PBXResourcesBuildPhase;
			buildActionMask = 2147483647;
			files = (
			);
			runOnlyForDeploymentPostprocessing = 0;
		};
/* End PBXResourcesBuildPhase section */

/* Begin PBXShellScriptBuildPhase section */
		0B4FBE8063F085AF8F8E417E /* [CP] Embed Pods Frameworks */ = {
			isa = PBXShellScriptBuildPhase;
			buildActionMask = 2147483647;
			files = (
			);
			inputFileListPaths = (
				"${PODS_ROOT}/Target Support Files/Pods-Atlas/Pods-Atlas-frameworks-${CONFIGURATION}-input-files.xcfilelist",
			);
			name = "[CP] Embed Pods Frameworks";
			outputFileListPaths = (
				"${PODS_ROOT}/Target Support Files/Pods-Atlas/Pods-Atlas-frameworks-${CONFIGURATION}-output-files.xcfilelist",
			);
			runOnlyForDeploymentPostprocessing = 0;
			shellPath = /bin/sh;
			shellScript = "\"${PODS_ROOT}/Target Support Files/Pods-Atlas/Pods-Atlas-frameworks.sh\"\n";
			showEnvVarsInLog = 0;
		};
		1B33EA3E8650CD45F3F5AAB7 /* [CP] Check Pods Manifest.lock */ = {
			isa = PBXShellScriptBuildPhase;
			buildActionMask = 2147483647;
			files = (
			);
			inputFileListPaths = (
			);
			inputPaths = (
				"${PODS_PODFILE_DIR_PATH}/Podfile.lock",
				"${PODS_ROOT}/Manifest.lock",
			);
			name = "[CP] Check Pods Manifest.lock";
			outputFileListPaths = (
			);
			outputPaths = (
				"$(DERIVED_FILE_DIR)/Pods-AtlasUITests-checkManifestLockResult.txt",
			);
			runOnlyForDeploymentPostprocessing = 0;
			shellPath = /bin/sh;
			shellScript = "diff \"${PODS_PODFILE_DIR_PATH}/Podfile.lock\" \"${PODS_ROOT}/Manifest.lock\" > /dev/null\nif [ $? != 0 ] ; then\n    # print error to STDERR\n    echo \"error: The sandbox is not in sync with the Podfile.lock. Run 'pod install' or update your CocoaPods installation.\" >&2\n    exit 1\nfi\n# This output is used by Xcode 'outputs' to avoid re-running this script phase.\necho \"SUCCESS\" > \"${SCRIPT_OUTPUT_FILE_0}\"\n";
			showEnvVarsInLog = 0;
		};
		5A718B73CE154C601F090824 /* [CP] Check Pods Manifest.lock */ = {
			isa = PBXShellScriptBuildPhase;
			buildActionMask = 2147483647;
			files = (
			);
			inputFileListPaths = (
			);
			inputPaths = (
				"${PODS_PODFILE_DIR_PATH}/Podfile.lock",
				"${PODS_ROOT}/Manifest.lock",
			);
			name = "[CP] Check Pods Manifest.lock";
			outputFileListPaths = (
			);
			outputPaths = (
				"$(DERIVED_FILE_DIR)/Pods-Atlas-checkManifestLockResult.txt",
			);
			runOnlyForDeploymentPostprocessing = 0;
			shellPath = /bin/sh;
			shellScript = "diff \"${PODS_PODFILE_DIR_PATH}/Podfile.lock\" \"${PODS_ROOT}/Manifest.lock\" > /dev/null\nif [ $? != 0 ] ; then\n    # print error to STDERR\n    echo \"error: The sandbox is not in sync with the Podfile.lock. Run 'pod install' or update your CocoaPods installation.\" >&2\n    exit 1\nfi\n# This output is used by Xcode 'outputs' to avoid re-running this script phase.\necho \"SUCCESS\" > \"${SCRIPT_OUTPUT_FILE_0}\"\n";
			showEnvVarsInLog = 0;
		};
		9E0438228107397A70A26809 /* [CP] Embed Pods Frameworks */ = {
			isa = PBXShellScriptBuildPhase;
			buildActionMask = 2147483647;
			files = (
			);
			inputFileListPaths = (
				"${PODS_ROOT}/Target Support Files/Pods-Atlas-AtlasTests/Pods-Atlas-AtlasTests-frameworks-${CONFIGURATION}-input-files.xcfilelist",
			);
			name = "[CP] Embed Pods Frameworks";
			outputFileListPaths = (
				"${PODS_ROOT}/Target Support Files/Pods-Atlas-AtlasTests/Pods-Atlas-AtlasTests-frameworks-${CONFIGURATION}-output-files.xcfilelist",
			);
			runOnlyForDeploymentPostprocessing = 0;
			shellPath = /bin/sh;
			shellScript = "\"${PODS_ROOT}/Target Support Files/Pods-Atlas-AtlasTests/Pods-Atlas-AtlasTests-frameworks.sh\"\n";
			showEnvVarsInLog = 0;
		};
		B6EF6A5B8D71B311D8FB653D /* [CP] Check Pods Manifest.lock */ = {
			isa = PBXShellScriptBuildPhase;
			buildActionMask = 2147483647;
			files = (
			);
			inputFileListPaths = (
			);
			inputPaths = (
				"${PODS_PODFILE_DIR_PATH}/Podfile.lock",
				"${PODS_ROOT}/Manifest.lock",
			);
			name = "[CP] Check Pods Manifest.lock";
			outputFileListPaths = (
			);
			outputPaths = (
				"$(DERIVED_FILE_DIR)/Pods-Atlas-AtlasTests-checkManifestLockResult.txt",
			);
			runOnlyForDeploymentPostprocessing = 0;
			shellPath = /bin/sh;
			shellScript = "diff \"${PODS_PODFILE_DIR_PATH}/Podfile.lock\" \"${PODS_ROOT}/Manifest.lock\" > /dev/null\nif [ $? != 0 ] ; then\n    # print error to STDERR\n    echo \"error: The sandbox is not in sync with the Podfile.lock. Run 'pod install' or update your CocoaPods installation.\" >&2\n    exit 1\nfi\n# This output is used by Xcode 'outputs' to avoid re-running this script phase.\necho \"SUCCESS\" > \"${SCRIPT_OUTPUT_FILE_0}\"\n";
			showEnvVarsInLog = 0;
		};
/* End PBXShellScriptBuildPhase section */

/* Begin PBXSourcesBuildPhase section */
		A0B661AD2400265F001C5B40 /* Sources */ = {
			isa = PBXSourcesBuildPhase;
			buildActionMask = 2147483647;
			files = (
				A0B661B92400265F001C5B40 /* EventListViewController.swift in Sources */,
				A0DBC4862401CC57002419C6 /* EventListPresenter.swift in Sources */,
				A01A8068240EC621008B5A30 /* EventListViewOutputProtocol.swift in Sources */,
				A03E2AD8241009BA00B45712 /* MockAPIClient.swift in Sources */,
				A03EECF02411547A00FCDD8C /* AWSClient.swift in Sources */,
				A01A8062240EC5E8008B5A30 /* EventListPresentationProtocol.swift in Sources */,
				A01A805C240EC549008B5A30 /* APIClientProtocol.swift in Sources */,
				A01A8065240EC5FE008B5A30 /* EventListInteractionProtocol.swift in Sources */,
				A0DBC4892401CC86002419C6 /* EventService.swift in Sources */,
				A03EECF424127AF300FCDD8C /* NetworkError.swift in Sources */,
				A0B661B52400265F001C5B40 /* AppDelegate.swift in Sources */,
				A03E2ADB241009FE00B45712 /* DataContainer.swift in Sources */,
				A0DBC48024014C43002419C6 /* EventListInteractor.swift in Sources */,
				A075E38E240E8201006F891F /* API.swift in Sources */,
				A03E2AD5241007A900B45712 /* EventSummary.swift in Sources */,
			);
			runOnlyForDeploymentPostprocessing = 0;
		};
		A0B661C324002661001C5B40 /* Sources */ = {
			isa = PBXSourcesBuildPhase;
			buildActionMask = 2147483647;
			files = (
				A03EECF1241154B200FCDD8C /* AWSClient.swift in Sources */,
				A03EECF524127AFD00FCDD8C /* NetworkError.swift in Sources */,
				A03E2AD62410087100B45712 /* EventSummary.swift in Sources */,
				A03E2ADC24100A0400B45712 /* DataContainer.swift in Sources */,
				A0B661CC24002661001C5B40 /* AtlasTests.swift in Sources */,
				A000D3D8240ECABC00B4739E /* APIClientTests.swift in Sources */,
				A05CC7FB240ED72700331CF7 /* APIClientProtocol.swift in Sources */,
				A03E2AD9241009BF00B45712 /* MockAPIClient.swift in Sources */,
			);
			runOnlyForDeploymentPostprocessing = 0;
		};
		A0B661CE24002661001C5B40 /* Sources */ = {
			isa = PBXSourcesBuildPhase;
			buildActionMask = 2147483647;
			files = (
				A0B661D724002661001C5B40 /* AtlasUITests.swift in Sources */,
			);
			runOnlyForDeploymentPostprocessing = 0;
		};
/* End PBXSourcesBuildPhase section */

/* Begin PBXTargetDependency section */
		A03562F6240EDEA900299AC4 /* PBXTargetDependency */ = {
			isa = PBXTargetDependency;
			target = A0B661B02400265F001C5B40 /* Atlas */;
			targetProxy = A03562F5240EDEA900299AC4 /* PBXContainerItemProxy */;
		};
		A0B661D424002661001C5B40 /* PBXTargetDependency */ = {
			isa = PBXTargetDependency;
			target = A0B661B02400265F001C5B40 /* Atlas */;
			targetProxy = A0B661D324002661001C5B40 /* PBXContainerItemProxy */;
		};
/* End PBXTargetDependency section */

/* Begin PBXVariantGroup section */
		A0B661BF24002661001C5B40 /* LaunchScreen.storyboard */ = {
			isa = PBXVariantGroup;
			children = (
				A0B661C024002661001C5B40 /* Base */,
			);
			name = LaunchScreen.storyboard;
			sourceTree = "<group>";
		};
/* End PBXVariantGroup section */

/* Begin XCBuildConfiguration section */
		A0B661D924002661001C5B40 /* Debug */ = {
			isa = XCBuildConfiguration;
			buildSettings = {
				ALWAYS_SEARCH_USER_PATHS = NO;
				CLANG_ANALYZER_NONNULL = YES;
				CLANG_ANALYZER_NUMBER_OBJECT_CONVERSION = YES_AGGRESSIVE;
				CLANG_CXX_LANGUAGE_STANDARD = "gnu++14";
				CLANG_CXX_LIBRARY = "libc++";
				CLANG_ENABLE_MODULES = YES;
				CLANG_ENABLE_OBJC_ARC = YES;
				CLANG_ENABLE_OBJC_WEAK = YES;
				CLANG_WARN_BLOCK_CAPTURE_AUTORELEASING = YES;
				CLANG_WARN_BOOL_CONVERSION = YES;
				CLANG_WARN_COMMA = YES;
				CLANG_WARN_CONSTANT_CONVERSION = YES;
				CLANG_WARN_DEPRECATED_OBJC_IMPLEMENTATIONS = YES;
				CLANG_WARN_DIRECT_OBJC_ISA_USAGE = YES_ERROR;
				CLANG_WARN_DOCUMENTATION_COMMENTS = YES;
				CLANG_WARN_EMPTY_BODY = YES;
				CLANG_WARN_ENUM_CONVERSION = YES;
				CLANG_WARN_INFINITE_RECURSION = YES;
				CLANG_WARN_INT_CONVERSION = YES;
				CLANG_WARN_NON_LITERAL_NULL_CONVERSION = YES;
				CLANG_WARN_OBJC_IMPLICIT_RETAIN_SELF = YES;
				CLANG_WARN_OBJC_LITERAL_CONVERSION = YES;
				CLANG_WARN_OBJC_ROOT_CLASS = YES_ERROR;
				CLANG_WARN_RANGE_LOOP_ANALYSIS = YES;
				CLANG_WARN_STRICT_PROTOTYPES = YES;
				CLANG_WARN_SUSPICIOUS_MOVE = YES;
				CLANG_WARN_UNGUARDED_AVAILABILITY = YES_AGGRESSIVE;
				CLANG_WARN_UNREACHABLE_CODE = YES;
				CLANG_WARN__DUPLICATE_METHOD_MATCH = YES;
				COPY_PHASE_STRIP = NO;
				DEBUG_INFORMATION_FORMAT = dwarf;
				ENABLE_STRICT_OBJC_MSGSEND = YES;
				ENABLE_TESTABILITY = YES;
				GCC_C_LANGUAGE_STANDARD = gnu11;
				GCC_DYNAMIC_NO_PIC = NO;
				GCC_NO_COMMON_BLOCKS = YES;
				GCC_OPTIMIZATION_LEVEL = 0;
				GCC_PREPROCESSOR_DEFINITIONS = (
					"DEBUG=1",
					"$(inherited)",
				);
				GCC_WARN_64_TO_32_BIT_CONVERSION = YES;
				GCC_WARN_ABOUT_RETURN_TYPE = YES_ERROR;
				GCC_WARN_UNDECLARED_SELECTOR = YES;
				GCC_WARN_UNINITIALIZED_AUTOS = YES_AGGRESSIVE;
				GCC_WARN_UNUSED_FUNCTION = YES;
				GCC_WARN_UNUSED_VARIABLE = YES;
				IPHONEOS_DEPLOYMENT_TARGET = 13.2;
				MTL_ENABLE_DEBUG_INFO = INCLUDE_SOURCE;
				MTL_FAST_MATH = YES;
				ONLY_ACTIVE_ARCH = YES;
				SDKROOT = iphoneos;
				SWIFT_ACTIVE_COMPILATION_CONDITIONS = DEBUG;
				SWIFT_OPTIMIZATION_LEVEL = "-Onone";
			};
			name = Debug;
		};
		A0B661DA24002661001C5B40 /* Release */ = {
			isa = XCBuildConfiguration;
			buildSettings = {
				ALWAYS_SEARCH_USER_PATHS = NO;
				CLANG_ANALYZER_NONNULL = YES;
				CLANG_ANALYZER_NUMBER_OBJECT_CONVERSION = YES_AGGRESSIVE;
				CLANG_CXX_LANGUAGE_STANDARD = "gnu++14";
				CLANG_CXX_LIBRARY = "libc++";
				CLANG_ENABLE_MODULES = YES;
				CLANG_ENABLE_OBJC_ARC = YES;
				CLANG_ENABLE_OBJC_WEAK = YES;
				CLANG_WARN_BLOCK_CAPTURE_AUTORELEASING = YES;
				CLANG_WARN_BOOL_CONVERSION = YES;
				CLANG_WARN_COMMA = YES;
				CLANG_WARN_CONSTANT_CONVERSION = YES;
				CLANG_WARN_DEPRECATED_OBJC_IMPLEMENTATIONS = YES;
				CLANG_WARN_DIRECT_OBJC_ISA_USAGE = YES_ERROR;
				CLANG_WARN_DOCUMENTATION_COMMENTS = YES;
				CLANG_WARN_EMPTY_BODY = YES;
				CLANG_WARN_ENUM_CONVERSION = YES;
				CLANG_WARN_INFINITE_RECURSION = YES;
				CLANG_WARN_INT_CONVERSION = YES;
				CLANG_WARN_NON_LITERAL_NULL_CONVERSION = YES;
				CLANG_WARN_OBJC_IMPLICIT_RETAIN_SELF = YES;
				CLANG_WARN_OBJC_LITERAL_CONVERSION = YES;
				CLANG_WARN_OBJC_ROOT_CLASS = YES_ERROR;
				CLANG_WARN_RANGE_LOOP_ANALYSIS = YES;
				CLANG_WARN_STRICT_PROTOTYPES = YES;
				CLANG_WARN_SUSPICIOUS_MOVE = YES;
				CLANG_WARN_UNGUARDED_AVAILABILITY = YES_AGGRESSIVE;
				CLANG_WARN_UNREACHABLE_CODE = YES;
				CLANG_WARN__DUPLICATE_METHOD_MATCH = YES;
				COPY_PHASE_STRIP = NO;
				DEBUG_INFORMATION_FORMAT = "dwarf-with-dsym";
				ENABLE_NS_ASSERTIONS = NO;
				ENABLE_STRICT_OBJC_MSGSEND = YES;
				GCC_C_LANGUAGE_STANDARD = gnu11;
				GCC_NO_COMMON_BLOCKS = YES;
				GCC_WARN_64_TO_32_BIT_CONVERSION = YES;
				GCC_WARN_ABOUT_RETURN_TYPE = YES_ERROR;
				GCC_WARN_UNDECLARED_SELECTOR = YES;
				GCC_WARN_UNINITIALIZED_AUTOS = YES_AGGRESSIVE;
				GCC_WARN_UNUSED_FUNCTION = YES;
				GCC_WARN_UNUSED_VARIABLE = YES;
				IPHONEOS_DEPLOYMENT_TARGET = 13.2;
				MTL_ENABLE_DEBUG_INFO = NO;
				MTL_FAST_MATH = YES;
				SDKROOT = iphoneos;
				SWIFT_COMPILATION_MODE = wholemodule;
				SWIFT_OPTIMIZATION_LEVEL = "-O";
				VALIDATE_PRODUCT = YES;
			};
			name = Release;
		};
		A0B661DC24002661001C5B40 /* Debug */ = {
			isa = XCBuildConfiguration;
			baseConfigurationReference = 20AF0E40AC13C366A6F115BB /* Pods-Atlas.debug.xcconfig */;
			buildSettings = {
				ASSETCATALOG_COMPILER_APPICON_NAME = AppIcon;
				CODE_SIGN_STYLE = Automatic;
				DEVELOPMENT_TEAM = 923A857SVG;
				INFOPLIST_FILE = Atlas/Info.plist;
				IPHONEOS_DEPLOYMENT_TARGET = 12.0;
				LD_RUNPATH_SEARCH_PATHS = (
					"$(inherited)",
					"@executable_path/Frameworks",
				);
				PRODUCT_BUNDLE_IDENTIFIER = com.edu.parv.Atlas;
				PRODUCT_NAME = "$(TARGET_NAME)";
				SWIFT_VERSION = 5.0;
				TARGETED_DEVICE_FAMILY = 1;
			};
			name = Debug;
		};
		A0B661DD24002661001C5B40 /* Release */ = {
			isa = XCBuildConfiguration;
			baseConfigurationReference = 7A8B9AFFE0BA61DD04AE4614 /* Pods-Atlas.release.xcconfig */;
			buildSettings = {
				ASSETCATALOG_COMPILER_APPICON_NAME = AppIcon;
				CODE_SIGN_STYLE = Automatic;
				DEVELOPMENT_TEAM = 923A857SVG;
				INFOPLIST_FILE = Atlas/Info.plist;
				IPHONEOS_DEPLOYMENT_TARGET = 12.0;
				LD_RUNPATH_SEARCH_PATHS = (
					"$(inherited)",
					"@executable_path/Frameworks",
				);
				PRODUCT_BUNDLE_IDENTIFIER = com.edu.parv.Atlas;
				PRODUCT_NAME = "$(TARGET_NAME)";
				SWIFT_VERSION = 5.0;
				TARGETED_DEVICE_FAMILY = 1;
			};
			name = Release;
		};
		A0B661DF24002661001C5B40 /* Debug */ = {
			isa = XCBuildConfiguration;
			baseConfigurationReference = EC3F48CF986D9829F5CED7F7 /* Pods-Atlas-AtlasTests.debug.xcconfig */;
			buildSettings = {
				ALWAYS_EMBED_SWIFT_STANDARD_LIBRARIES = YES;
				CODE_SIGN_STYLE = Automatic;
				DEVELOPMENT_TEAM = 923A857SVG;
				INFOPLIST_FILE = AtlasTests/Info.plist;
				IPHONEOS_DEPLOYMENT_TARGET = 13.2;
				LD_RUNPATH_SEARCH_PATHS = (
					"$(inherited)",
					"@executable_path/Frameworks",
					"@loader_path/Frameworks",
				);
				PRODUCT_BUNDLE_IDENTIFIER = com.edu.parv.AtlasTests;
				PRODUCT_NAME = "$(TARGET_NAME)";
				SWIFT_VERSION = 5.0;
				TARGETED_DEVICE_FAMILY = "1,2";
			};
			name = Debug;
		};
		A0B661E024002661001C5B40 /* Release */ = {
			isa = XCBuildConfiguration;
			baseConfigurationReference = 47B33BE662AA3E9DAD41AE5C /* Pods-Atlas-AtlasTests.release.xcconfig */;
			buildSettings = {
				ALWAYS_EMBED_SWIFT_STANDARD_LIBRARIES = YES;
				CODE_SIGN_STYLE = Automatic;
				DEVELOPMENT_TEAM = 923A857SVG;
				INFOPLIST_FILE = AtlasTests/Info.plist;
				IPHONEOS_DEPLOYMENT_TARGET = 13.2;
				LD_RUNPATH_SEARCH_PATHS = (
					"$(inherited)",
					"@executable_path/Frameworks",
					"@loader_path/Frameworks",
				);
				PRODUCT_BUNDLE_IDENTIFIER = com.edu.parv.AtlasTests;
				PRODUCT_NAME = "$(TARGET_NAME)";
				SWIFT_VERSION = 5.0;
				TARGETED_DEVICE_FAMILY = "1,2";
			};
			name = Release;
		};
		A0B661E224002661001C5B40 /* Debug */ = {
			isa = XCBuildConfiguration;
			baseConfigurationReference = 0682ECE22C2A271A34D67191 /* Pods-AtlasUITests.debug.xcconfig */;
			buildSettings = {
				ALWAYS_EMBED_SWIFT_STANDARD_LIBRARIES = YES;
				CODE_SIGN_STYLE = Automatic;
				DEVELOPMENT_TEAM = 923A857SVG;
				INFOPLIST_FILE = AtlasUITests/Info.plist;
				LD_RUNPATH_SEARCH_PATHS = (
					"$(inherited)",
					"@executable_path/Frameworks",
					"@loader_path/Frameworks",
				);
				PRODUCT_BUNDLE_IDENTIFIER = com.edu.parv.AtlasUITests;
				PRODUCT_NAME = "$(TARGET_NAME)";
				SWIFT_VERSION = 5.0;
				TARGETED_DEVICE_FAMILY = "1,2";
				TEST_TARGET_NAME = Atlas;
			};
			name = Debug;
		};
		A0B661E324002661001C5B40 /* Release */ = {
			isa = XCBuildConfiguration;
			baseConfigurationReference = 2ADB5E1BEB8C2F048D089991 /* Pods-AtlasUITests.release.xcconfig */;
			buildSettings = {
				ALWAYS_EMBED_SWIFT_STANDARD_LIBRARIES = YES;
				CODE_SIGN_STYLE = Automatic;
				DEVELOPMENT_TEAM = 923A857SVG;
				INFOPLIST_FILE = AtlasUITests/Info.plist;
				LD_RUNPATH_SEARCH_PATHS = (
					"$(inherited)",
					"@executable_path/Frameworks",
					"@loader_path/Frameworks",
				);
				PRODUCT_BUNDLE_IDENTIFIER = com.edu.parv.AtlasUITests;
				PRODUCT_NAME = "$(TARGET_NAME)";
				SWIFT_VERSION = 5.0;
				TARGETED_DEVICE_FAMILY = "1,2";
				TEST_TARGET_NAME = Atlas;
			};
			name = Release;
		};
/* End XCBuildConfiguration section */

/* Begin XCConfigurationList section */
		A0B661AC2400265F001C5B40 /* Build configuration list for PBXProject "Atlas" */ = {
			isa = XCConfigurationList;
			buildConfigurations = (
				A0B661D924002661001C5B40 /* Debug */,
				A0B661DA24002661001C5B40 /* Release */,
			);
			defaultConfigurationIsVisible = 0;
			defaultConfigurationName = Release;
		};
		A0B661DB24002661001C5B40 /* Build configuration list for PBXNativeTarget "Atlas" */ = {
			isa = XCConfigurationList;
			buildConfigurations = (
				A0B661DC24002661001C5B40 /* Debug */,
				A0B661DD24002661001C5B40 /* Release */,
			);
			defaultConfigurationIsVisible = 0;
			defaultConfigurationName = Release;
		};
		A0B661DE24002661001C5B40 /* Build configuration list for PBXNativeTarget "AtlasTests" */ = {
			isa = XCConfigurationList;
			buildConfigurations = (
				A0B661DF24002661001C5B40 /* Debug */,
				A0B661E024002661001C5B40 /* Release */,
			);
			defaultConfigurationIsVisible = 0;
			defaultConfigurationName = Release;
		};
		A0B661E124002661001C5B40 /* Build configuration list for PBXNativeTarget "AtlasUITests" */ = {
			isa = XCConfigurationList;
			buildConfigurations = (
				A0B661E224002661001C5B40 /* Debug */,
				A0B661E324002661001C5B40 /* Release */,
			);
			defaultConfigurationIsVisible = 0;
			defaultConfigurationName = Release;
		};
/* End XCConfigurationList section */
	};
	rootObject = A0B661A92400265F001C5B40 /* Project object */;
}
