// !$*UTF8*$!
{
	archiveVersion = 1;
	classes = {
	};
	objectVersion = 51;
	objects = {

/* Begin PBXBuildFile section */
		248449CB3C6D55648E1CB065 /* Pods_AtlasUITests.framework in Frameworks */ = {isa = PBXBuildFile; fileRef = 8AA48707140C7C543758D0AE /* Pods_AtlasUITests.framework */; };
		A00A6AF2242D151D00251DE4 /* Mockable.swift in Sources */ = {isa = PBXBuildFile; fileRef = A030AEA7242CE2EF00BFCFC5 /* Mockable.swift */; };
		A00A6AF3242D152200251DE4 /* Fetchable.swift in Sources */ = {isa = PBXBuildFile; fileRef = A030AEA9242CE30300BFCFC5 /* Fetchable.swift */; };
		A00A6AF4242D159300251DE4 /* MockAPIClient.swift in Sources */ = {isa = PBXBuildFile; fileRef = A030AEA5242C0AF600BFCFC5 /* MockAPIClient.swift */; };
		A00A6F64242B7298001EAF54 /* EventListSnapshotTests.swift in Sources */ = {isa = PBXBuildFile; fileRef = A00A6F63242B7298001EAF54 /* EventListSnapshotTests.swift */; };
		A00C655A24238D9300D12C8D /* SectionTypeTests.swift in Sources */ = {isa = PBXBuildFile; fileRef = A00C655924238D9300D12C8D /* SectionTypeTests.swift */; };
		A00C655D24238DE900D12C8D /* SectionType.swift in Sources */ = {isa = PBXBuildFile; fileRef = A00C655C24238DE900D12C8D /* SectionType.swift */; };
		A00C655E24238E1900D12C8D /* SectionType.swift in Sources */ = {isa = PBXBuildFile; fileRef = A00C655C24238DE900D12C8D /* SectionType.swift */; };
		A00C65602423AE2B00D12C8D /* EventList.swift in Sources */ = {isa = PBXBuildFile; fileRef = A00C655F2423AE2B00D12C8D /* EventList.swift */; };
		A00C65612423AE3A00D12C8D /* EventList.swift in Sources */ = {isa = PBXBuildFile; fileRef = A00C655F2423AE2B00D12C8D /* EventList.swift */; };
		A016B871242FAB1D00D4057B /* AWSAppSyncClientProtocol.swift in Sources */ = {isa = PBXBuildFile; fileRef = A016B870242FAB1D00D4057B /* AWSAppSyncClientProtocol.swift */; };
		A016B872242FAECE00D4057B /* AWSAppSyncClientProtocol.swift in Sources */ = {isa = PBXBuildFile; fileRef = A016B870242FAB1D00D4057B /* AWSAppSyncClientProtocol.swift */; };
		A016B874242FB6F300D4057B /* AWSContainer.swift in Sources */ = {isa = PBXBuildFile; fileRef = A016B873242FB6F300D4057B /* AWSContainer.swift */; };
		A0255BDE24250290001E117D /* Styling.swift in Sources */ = {isa = PBXBuildFile; fileRef = A0255BDD24250290001E117D /* Styling.swift */; };
		A0255BDF242502A2001E117D /* Styling.swift in Sources */ = {isa = PBXBuildFile; fileRef = A0255BDD24250290001E117D /* Styling.swift */; };
		A0255BE6242506CA001E117D /* UILabel+.swift in Sources */ = {isa = PBXBuildFile; fileRef = A0255BE5242506CA001E117D /* UILabel+.swift */; };
		A0255BE7242506DA001E117D /* UILabel+.swift in Sources */ = {isa = PBXBuildFile; fileRef = A0255BE5242506CA001E117D /* UILabel+.swift */; };
		A0297D05241A61070089F38C /* EventDetail.swift in Sources */ = {isa = PBXBuildFile; fileRef = A0297D04241A61070089F38C /* EventDetail.swift */; };
		A0297D09241A7DA10089F38C /* EventDetailPresenterTests.swift in Sources */ = {isa = PBXBuildFile; fileRef = A0297D08241A7DA10089F38C /* EventDetailPresenterTests.swift */; };
		A0297D17241A90280089F38C /* API.swift in Sources */ = {isa = PBXBuildFile; fileRef = A075E38D240E8201006F891F /* API.swift */; };
		A0297D18241A902D0089F38C /* EventDetail.swift in Sources */ = {isa = PBXBuildFile; fileRef = A0297D04241A61070089F38C /* EventDetail.swift */; };
		A0297D1B241A903E0089F38C /* EventDetailViewController.swift in Sources */ = {isa = PBXBuildFile; fileRef = A041ED3C2419718800DB772F /* EventDetailViewController.swift */; };
		A0297D1C241A90410089F38C /* EventDetailInteractor.swift in Sources */ = {isa = PBXBuildFile; fileRef = A041ED402419723700DB772F /* EventDetailInteractor.swift */; };
		A0297D1D241A90440089F38C /* EventDetailRouter.swift in Sources */ = {isa = PBXBuildFile; fileRef = A041ED44241973D800DB772F /* EventDetailRouter.swift */; };
		A0297D1E241A90470089F38C /* EventDetailPresenter.swift in Sources */ = {isa = PBXBuildFile; fileRef = A041ED422419736000DB772F /* EventDetailPresenter.swift */; };
		A0297D1F241A90610089F38C /* EventService.swift in Sources */ = {isa = PBXBuildFile; fileRef = A0DBC4882401CC86002419C6 /* EventService.swift */; };
		A0297D20241A907A0089F38C /* AWSClient.swift in Sources */ = {isa = PBXBuildFile; fileRef = A03EECEF2411547A00FCDD8C /* AWSClient.swift */; };
		A030AEA4242C0A5E00BFCFC5 /* eventsByStartDate.json in Resources */ = {isa = PBXBuildFile; fileRef = A030AEA3242C0A5E00BFCFC5 /* eventsByStartDate.json */; };
		A030AEA6242C0AF600BFCFC5 /* MockAPIClient.swift in Sources */ = {isa = PBXBuildFile; fileRef = A030AEA5242C0AF600BFCFC5 /* MockAPIClient.swift */; };
		A030AEA8242CE2EF00BFCFC5 /* Mockable.swift in Sources */ = {isa = PBXBuildFile; fileRef = A030AEA7242CE2EF00BFCFC5 /* Mockable.swift */; };
		A030AEAA242CE30300BFCFC5 /* Fetchable.swift in Sources */ = {isa = PBXBuildFile; fileRef = A030AEA9242CE30300BFCFC5 /* Fetchable.swift */; };
		A0324FCA245781AF00971C23 /* AuthService.swift in Sources */ = {isa = PBXBuildFile; fileRef = A0324FC9245781AF00971C23 /* AuthService.swift */; };
		A0324FCE245860E800971C23 /* AuthClientProtocol.swift in Sources */ = {isa = PBXBuildFile; fileRef = A0324FCD245860E800971C23 /* AuthClientProtocol.swift */; };
		A0324FCF2458619200971C23 /* AuthService.swift in Sources */ = {isa = PBXBuildFile; fileRef = A0324FC9245781AF00971C23 /* AuthService.swift */; };
		A0324FD0245861F500971C23 /* AuthClientProtocol.swift in Sources */ = {isa = PBXBuildFile; fileRef = A0324FCD245860E800971C23 /* AuthClientProtocol.swift */; };
		A038D17824184AD100507207 /* EventSummaryCell.swift in Sources */ = {isa = PBXBuildFile; fileRef = A038D17724184AD100507207 /* EventSummaryCell.swift */; };
		A03A02F22464119F00C5B7E9 /* AccountViewController.swift in Sources */ = {isa = PBXBuildFile; fileRef = A03A02F12464119F00C5B7E9 /* AccountViewController.swift */; };
		A03A02F4246411A900C5B7E9 /* AccountInteractor.swift in Sources */ = {isa = PBXBuildFile; fileRef = A03A02F3246411A900C5B7E9 /* AccountInteractor.swift */; };
		A03A02F6246411B100C5B7E9 /* AccountPresenter.swift in Sources */ = {isa = PBXBuildFile; fileRef = A03A02F5246411B100C5B7E9 /* AccountPresenter.swift */; };
		A03A02F8246411BA00C5B7E9 /* AccountRouter.swift in Sources */ = {isa = PBXBuildFile; fileRef = A03A02F7246411BA00C5B7E9 /* AccountRouter.swift */; };
		A03A02F92464166800C5B7E9 /* AccountRouter.swift in Sources */ = {isa = PBXBuildFile; fileRef = A03A02F7246411BA00C5B7E9 /* AccountRouter.swift */; };
		A03A02FA2464168300C5B7E9 /* AccountViewController.swift in Sources */ = {isa = PBXBuildFile; fileRef = A03A02F12464119F00C5B7E9 /* AccountViewController.swift */; };
		A03A02FB2464168700C5B7E9 /* AccountInteractor.swift in Sources */ = {isa = PBXBuildFile; fileRef = A03A02F3246411A900C5B7E9 /* AccountInteractor.swift */; };
		A03A02FC2464168A00C5B7E9 /* AccountPresenter.swift in Sources */ = {isa = PBXBuildFile; fileRef = A03A02F5246411B100C5B7E9 /* AccountPresenter.swift */; };
		A03A03062469EA9000C5B7E9 /* SessionService.swift in Sources */ = {isa = PBXBuildFile; fileRef = A03A03052469EA9000C5B7E9 /* SessionService.swift */; };
		A03A0307246AFEFA00C5B7E9 /* SessionService.swift in Sources */ = {isa = PBXBuildFile; fileRef = A03A03052469EA9000C5B7E9 /* SessionService.swift */; };
		A03A0309246C0C9D00C5B7E9 /* AppleAuthService.swift in Sources */ = {isa = PBXBuildFile; fileRef = A03A0308246C0C9D00C5B7E9 /* AppleAuthService.swift */; };
		A03A030A246C0CB200C5B7E9 /* AppleAuthService.swift in Sources */ = {isa = PBXBuildFile; fileRef = A03A0308246C0C9D00C5B7E9 /* AppleAuthService.swift */; };
		A03A030D2474240500C5B7E9 /* AccountUserInfoView.swift in Sources */ = {isa = PBXBuildFile; fileRef = A03A030C2474240500C5B7E9 /* AccountUserInfoView.swift */; };
		A03A030E2474240500C5B7E9 /* AccountUserInfoView.swift in Sources */ = {isa = PBXBuildFile; fileRef = A03A030C2474240500C5B7E9 /* AccountUserInfoView.swift */; };
		A03A03102475406800C5B7E9 /* EmptyAccountView.swift in Sources */ = {isa = PBXBuildFile; fileRef = A03A030F2475406700C5B7E9 /* EmptyAccountView.swift */; };
		A03A03112475406800C5B7E9 /* EmptyAccountView.swift in Sources */ = {isa = PBXBuildFile; fileRef = A03A030F2475406700C5B7E9 /* EmptyAccountView.swift */; };
		A03A805D24851CCD0050B464 /* User.swift in Sources */ = {isa = PBXBuildFile; fileRef = A03A805C24851CCD0050B464 /* User.swift */; };
		A03A805E24851CD10050B464 /* User.swift in Sources */ = {isa = PBXBuildFile; fileRef = A03A805C24851CCD0050B464 /* User.swift */; };
		A03CC8F1241FDF5E00A1D287 /* Date+.swift in Sources */ = {isa = PBXBuildFile; fileRef = A03CC8F0241FDF5E00A1D287 /* Date+.swift */; };
		A03CC8F2241FDF6900A1D287 /* Date+.swift in Sources */ = {isa = PBXBuildFile; fileRef = A03CC8F0241FDF5E00A1D287 /* Date+.swift */; };
		A03E2AD5241007A900B45712 /* EventSummary.swift in Sources */ = {isa = PBXBuildFile; fileRef = A03E2AD4241007A900B45712 /* EventSummary.swift */; };
		A03E2AD62410087100B45712 /* EventSummary.swift in Sources */ = {isa = PBXBuildFile; fileRef = A03E2AD4241007A900B45712 /* EventSummary.swift */; };
		A03EECF02411547A00FCDD8C /* AWSClient.swift in Sources */ = {isa = PBXBuildFile; fileRef = A03EECEF2411547A00FCDD8C /* AWSClient.swift */; };
		A03EECF424127AF300FCDD8C /* NetworkError.swift in Sources */ = {isa = PBXBuildFile; fileRef = A03EECF324127AF300FCDD8C /* NetworkError.swift */; };
		A03EECF524127AFD00FCDD8C /* NetworkError.swift in Sources */ = {isa = PBXBuildFile; fileRef = A03EECF324127AF300FCDD8C /* NetworkError.swift */; };
		A041ED3D2419718800DB772F /* EventDetailViewController.swift in Sources */ = {isa = PBXBuildFile; fileRef = A041ED3C2419718800DB772F /* EventDetailViewController.swift */; };
		A041ED412419723700DB772F /* EventDetailInteractor.swift in Sources */ = {isa = PBXBuildFile; fileRef = A041ED402419723700DB772F /* EventDetailInteractor.swift */; };
		A041ED432419736000DB772F /* EventDetailPresenter.swift in Sources */ = {isa = PBXBuildFile; fileRef = A041ED422419736000DB772F /* EventDetailPresenter.swift */; };
		A041ED45241973D800DB772F /* EventDetailRouter.swift in Sources */ = {isa = PBXBuildFile; fileRef = A041ED44241973D800DB772F /* EventDetailRouter.swift */; };
		A04828B9244CC9A80054199B /* eventByID.json in Resources */ = {isa = PBXBuildFile; fileRef = A04828B8244CC9A80054199B /* eventByID.json */; };
		A04BCE4E2450CEEC000A6969 /* eventByID-empty.json in Resources */ = {isa = PBXBuildFile; fileRef = A04BCE4D2450CEEC000A6969 /* eventByID-empty.json */; };
		A04BCE53245148BC000A6969 /* SignUpViewController.swift in Sources */ = {isa = PBXBuildFile; fileRef = A04BCE52245148BC000A6969 /* SignUpViewController.swift */; };
		A04BCE542451499F000A6969 /* SignUpViewController.swift in Sources */ = {isa = PBXBuildFile; fileRef = A04BCE52245148BC000A6969 /* SignUpViewController.swift */; };
		A04BCE56245162C1000A6969 /* SignUpRouter.swift in Sources */ = {isa = PBXBuildFile; fileRef = A04BCE55245162C1000A6969 /* SignUpRouter.swift */; };
		A04BCE57245165B9000A6969 /* SignUpRouter.swift in Sources */ = {isa = PBXBuildFile; fileRef = A04BCE55245162C1000A6969 /* SignUpRouter.swift */; };
		A04BCE5924516714000A6969 /* SignUpInteractor.swift in Sources */ = {isa = PBXBuildFile; fileRef = A04BCE5824516714000A6969 /* SignUpInteractor.swift */; };
		A04BCE5A24516738000A6969 /* SignUpInteractor.swift in Sources */ = {isa = PBXBuildFile; fileRef = A04BCE5824516714000A6969 /* SignUpInteractor.swift */; };
		A04BCE5C2451679C000A6969 /* SignUpPresenter.swift in Sources */ = {isa = PBXBuildFile; fileRef = A04BCE5B2451679C000A6969 /* SignUpPresenter.swift */; };
		A04BCE5D245167A1000A6969 /* SignUpPresenter.swift in Sources */ = {isa = PBXBuildFile; fileRef = A04BCE5B2451679C000A6969 /* SignUpPresenter.swift */; };
		A04BCE602451AB4A000A6969 /* UIFont+.swift in Sources */ = {isa = PBXBuildFile; fileRef = A04BCE5F2451AB4A000A6969 /* UIFont+.swift */; };
		A04BCE612451AB62000A6969 /* UIFont+.swift in Sources */ = {isa = PBXBuildFile; fileRef = A04BCE5F2451AB4A000A6969 /* UIFont+.swift */; };
		A0503DBD242A3B5400FF1BA3 /* UIStackView+.swift in Sources */ = {isa = PBXBuildFile; fileRef = A0503DBC242A3B5400FF1BA3 /* UIStackView+.swift */; };
		A0503DC1242A762900FF1BA3 /* UIStackView+.swift in Sources */ = {isa = PBXBuildFile; fileRef = A0503DBC242A3B5400FF1BA3 /* UIStackView+.swift */; };
		A0503DC6242A87C900FF1BA3 /* EventListPresenterTests.swift in Sources */ = {isa = PBXBuildFile; fileRef = A0503DC5242A87C900FF1BA3 /* EventListPresenterTests.swift */; };
		A075E3882409B107006F891F /* awsconfiguration.json in Resources */ = {isa = PBXBuildFile; fileRef = A075E3872409B106006F891F /* awsconfiguration.json */; };
		A075E38E240E8201006F891F /* API.swift in Sources */ = {isa = PBXBuildFile; fileRef = A075E38D240E8201006F891F /* API.swift */; };
		A07BF6B8242D258F002CD54F /* eventsByStartDate.json in Resources */ = {isa = PBXBuildFile; fileRef = A030AEA3242C0A5E00BFCFC5 /* eventsByStartDate.json */; };
		A083379A245945F8002E4571 /* AppleAuthData.swift in Sources */ = {isa = PBXBuildFile; fileRef = A0833799245945F8002E4571 /* AppleAuthData.swift */; };
		A083379B24594605002E4571 /* AppleAuthData.swift in Sources */ = {isa = PBXBuildFile; fileRef = A0833799245945F8002E4571 /* AppleAuthData.swift */; };
		A083379D2459463E002E4571 /* AuthError.swift in Sources */ = {isa = PBXBuildFile; fileRef = A083379C2459463E002E4571 /* AuthError.swift */; };
		A083379E24594648002E4571 /* AuthError.swift in Sources */ = {isa = PBXBuildFile; fileRef = A083379C2459463E002E4571 /* AuthError.swift */; };
		A08337A024594660002E4571 /* AWSAuthState.swift in Sources */ = {isa = PBXBuildFile; fileRef = A083379F24594660002E4571 /* AWSAuthState.swift */; };
		A08337A12459466C002E4571 /* AWSAuthState.swift in Sources */ = {isa = PBXBuildFile; fileRef = A083379F24594660002E4571 /* AWSAuthState.swift */; };
		A08337A3245A28DB002E4571 /* EventDetailSnapshotTests.swift in Sources */ = {isa = PBXBuildFile; fileRef = A08337A2245A28DB002E4571 /* EventDetailSnapshotTests.swift */; };
		A09038F92420D58E00743881 /* EventListInteractorTests.swift in Sources */ = {isa = PBXBuildFile; fileRef = A09038F82420D58E00743881 /* EventListInteractorTests.swift */; };
		A09038FA2420D5C900743881 /* EventListPresenter.swift in Sources */ = {isa = PBXBuildFile; fileRef = A0DBC4852401CC57002419C6 /* EventListPresenter.swift */; };
		A09038FB2420D5CB00743881 /* EventListRouter.swift in Sources */ = {isa = PBXBuildFile; fileRef = A0BE38C524192D8C0077DE4E /* EventListRouter.swift */; };
		A09038FC2420D5CE00743881 /* EventListInteractor.swift in Sources */ = {isa = PBXBuildFile; fileRef = A0DBC47F24014C43002419C6 /* EventListInteractor.swift */; };
		A09038FD2420E68300743881 /* EventListViewController.swift in Sources */ = {isa = PBXBuildFile; fileRef = A0B661B82400265F001C5B40 /* EventListViewController.swift */; };
		A09038FE2420E6B000743881 /* EventSummaryCell.swift in Sources */ = {isa = PBXBuildFile; fileRef = A038D17724184AD100507207 /* EventSummaryCell.swift */; };
		A0AD0787249A65A8009DA2CA /* Keychained.swift in Sources */ = {isa = PBXBuildFile; fileRef = A0AD0786249A65A8009DA2CA /* Keychained.swift */; };
		A0B661B52400265F001C5B40 /* AppDelegate.swift in Sources */ = {isa = PBXBuildFile; fileRef = A0B661B42400265F001C5B40 /* AppDelegate.swift */; };
		A0B661B92400265F001C5B40 /* EventListViewController.swift in Sources */ = {isa = PBXBuildFile; fileRef = A0B661B82400265F001C5B40 /* EventListViewController.swift */; };
		A0B661BE24002660001C5B40 /* Assets.xcassets in Resources */ = {isa = PBXBuildFile; fileRef = A0B661BD24002660001C5B40 /* Assets.xcassets */; };
		A0B661C124002661001C5B40 /* LaunchScreen.storyboard in Resources */ = {isa = PBXBuildFile; fileRef = A0B661BF24002661001C5B40 /* LaunchScreen.storyboard */; };
		A0B661CC24002661001C5B40 /* AtlasTests.swift in Sources */ = {isa = PBXBuildFile; fileRef = A0B661CB24002661001C5B40 /* AtlasTests.swift */; };
		A0B661D724002661001C5B40 /* AtlasUITests.swift in Sources */ = {isa = PBXBuildFile; fileRef = A0B661D624002661001C5B40 /* AtlasUITests.swift */; };
		A0B98B67243FB475004C072F /* SceneContainer.swift in Sources */ = {isa = PBXBuildFile; fileRef = A0B98B66243FB475004C072F /* SceneContainer.swift */; };
		A0B98B68243FB72B004C072F /* SceneContainer.swift in Sources */ = {isa = PBXBuildFile; fileRef = A0B98B66243FB475004C072F /* SceneContainer.swift */; };
		A0B98B69243FB751004C072F /* AWSContainer.swift in Sources */ = {isa = PBXBuildFile; fileRef = A016B873242FB6F300D4057B /* AWSContainer.swift */; };
		A0BE38C624192D8C0077DE4E /* EventListRouter.swift in Sources */ = {isa = PBXBuildFile; fileRef = A0BE38C524192D8C0077DE4E /* EventListRouter.swift */; };
		A0C8B7F92423DED100B4882D /* Sequence+.swift in Sources */ = {isa = PBXBuildFile; fileRef = A0C8B7F82423DED100B4882D /* Sequence+.swift */; };
		A0C8B7FA2423E08200B4882D /* Sequence+.swift in Sources */ = {isa = PBXBuildFile; fileRef = A0C8B7F82423DED100B4882D /* Sequence+.swift */; };
		A0DBC48024014C43002419C6 /* EventListInteractor.swift in Sources */ = {isa = PBXBuildFile; fileRef = A0DBC47F24014C43002419C6 /* EventListInteractor.swift */; };
		A0DBC4862401CC57002419C6 /* EventListPresenter.swift in Sources */ = {isa = PBXBuildFile; fileRef = A0DBC4852401CC57002419C6 /* EventListPresenter.swift */; };
		A0DBC4892401CC86002419C6 /* EventService.swift in Sources */ = {isa = PBXBuildFile; fileRef = A0DBC4882401CC86002419C6 /* EventService.swift */; };
		A0F6FED0247591FF00302B70 /* ProfileService.swift in Sources */ = {isa = PBXBuildFile; fileRef = A0F6FECF247591FF00302B70 /* ProfileService.swift */; };
		A0F6FED1247592D200302B70 /* ProfileService.swift in Sources */ = {isa = PBXBuildFile; fileRef = A0F6FECF247591FF00302B70 /* ProfileService.swift */; };
		A0FAFC4324588951006F46B1 /* KeychainWrapper.swift in Sources */ = {isa = PBXBuildFile; fileRef = A0FAFC4224588951006F46B1 /* KeychainWrapper.swift */; };
		A0FAFC45245889A9006F46B1 /* KeychainItemAccessibility.swift in Sources */ = {isa = PBXBuildFile; fileRef = A0FAFC44245889A9006F46B1 /* KeychainItemAccessibility.swift */; };
		A0FAFC462458945B006F46B1 /* KeychainWrapper.swift in Sources */ = {isa = PBXBuildFile; fileRef = A0FAFC4224588951006F46B1 /* KeychainWrapper.swift */; };
		A0FAFC4724589468006F46B1 /* KeychainItemAccessibility.swift in Sources */ = {isa = PBXBuildFile; fileRef = A0FAFC44245889A9006F46B1 /* KeychainItemAccessibility.swift */; };
		A0FAFC4924592222006F46B1 /* PasswordGenerator.swift in Sources */ = {isa = PBXBuildFile; fileRef = A0FAFC4824592222006F46B1 /* PasswordGenerator.swift */; };
		A0FAFC4A245922BA006F46B1 /* PasswordGenerator.swift in Sources */ = {isa = PBXBuildFile; fileRef = A0FAFC4824592222006F46B1 /* PasswordGenerator.swift */; };
		D67B2EEF1A4087F5B57E076D /* Pods_Atlas_AtlasTests.framework in Frameworks */ = {isa = PBXBuildFile; fileRef = C083B80D55FBBCBA506E560C /* Pods_Atlas_AtlasTests.framework */; };
		FCB58863BC11DF4258B6FA5B /* Pods_Atlas.framework in Frameworks */ = {isa = PBXBuildFile; fileRef = 56497F2372BE0C7AA23CEAAF /* Pods_Atlas.framework */; };
/* End PBXBuildFile section */

/* Begin PBXContainerItemProxy section */
		A03562F5240EDEA900299AC4 /* PBXContainerItemProxy */ = {
			isa = PBXContainerItemProxy;
			containerPortal = A0B661A92400265F001C5B40 /* Project object */;
			proxyType = 1;
			remoteGlobalIDString = A0B661B02400265F001C5B40;
			remoteInfo = Atlas;
		};
		A0B661D324002661001C5B40 /* PBXContainerItemProxy */ = {
			isa = PBXContainerItemProxy;
			containerPortal = A0B661A92400265F001C5B40 /* Project object */;
			proxyType = 1;
			remoteGlobalIDString = A0B661B02400265F001C5B40;
			remoteInfo = Atlas;
		};
/* End PBXContainerItemProxy section */

/* Begin PBXFileReference section */
		0682ECE22C2A271A34D67191 /* Pods-AtlasUITests.debug.xcconfig */ = {isa = PBXFileReference; includeInIndex = 1; lastKnownFileType = text.xcconfig; name = "Pods-AtlasUITests.debug.xcconfig"; path = "Target Support Files/Pods-AtlasUITests/Pods-AtlasUITests.debug.xcconfig"; sourceTree = "<group>"; };
		20AF0E40AC13C366A6F115BB /* Pods-Atlas.debug.xcconfig */ = {isa = PBXFileReference; includeInIndex = 1; lastKnownFileType = text.xcconfig; name = "Pods-Atlas.debug.xcconfig"; path = "Target Support Files/Pods-Atlas/Pods-Atlas.debug.xcconfig"; sourceTree = "<group>"; };
		2ADB5E1BEB8C2F048D089991 /* Pods-AtlasUITests.release.xcconfig */ = {isa = PBXFileReference; includeInIndex = 1; lastKnownFileType = text.xcconfig; name = "Pods-AtlasUITests.release.xcconfig"; path = "Target Support Files/Pods-AtlasUITests/Pods-AtlasUITests.release.xcconfig"; sourceTree = "<group>"; };
		47B33BE662AA3E9DAD41AE5C /* Pods-Atlas-AtlasTests.release.xcconfig */ = {isa = PBXFileReference; includeInIndex = 1; lastKnownFileType = text.xcconfig; name = "Pods-Atlas-AtlasTests.release.xcconfig"; path = "Target Support Files/Pods-Atlas-AtlasTests/Pods-Atlas-AtlasTests.release.xcconfig"; sourceTree = "<group>"; };
		56497F2372BE0C7AA23CEAAF /* Pods_Atlas.framework */ = {isa = PBXFileReference; explicitFileType = wrapper.framework; includeInIndex = 0; path = Pods_Atlas.framework; sourceTree = BUILT_PRODUCTS_DIR; };
		7A8B9AFFE0BA61DD04AE4614 /* Pods-Atlas.release.xcconfig */ = {isa = PBXFileReference; includeInIndex = 1; lastKnownFileType = text.xcconfig; name = "Pods-Atlas.release.xcconfig"; path = "Target Support Files/Pods-Atlas/Pods-Atlas.release.xcconfig"; sourceTree = "<group>"; };
		8AA48707140C7C543758D0AE /* Pods_AtlasUITests.framework */ = {isa = PBXFileReference; explicitFileType = wrapper.framework; includeInIndex = 0; path = Pods_AtlasUITests.framework; sourceTree = BUILT_PRODUCTS_DIR; };
		A00A6F63242B7298001EAF54 /* EventListSnapshotTests.swift */ = {isa = PBXFileReference; lastKnownFileType = sourcecode.swift; path = EventListSnapshotTests.swift; sourceTree = "<group>"; };
		A00C655924238D9300D12C8D /* SectionTypeTests.swift */ = {isa = PBXFileReference; lastKnownFileType = sourcecode.swift; path = SectionTypeTests.swift; sourceTree = "<group>"; };
		A00C655C24238DE900D12C8D /* SectionType.swift */ = {isa = PBXFileReference; lastKnownFileType = sourcecode.swift; path = SectionType.swift; sourceTree = "<group>"; };
		A00C655F2423AE2B00D12C8D /* EventList.swift */ = {isa = PBXFileReference; lastKnownFileType = sourcecode.swift; path = EventList.swift; sourceTree = "<group>"; };
		A016B870242FAB1D00D4057B /* AWSAppSyncClientProtocol.swift */ = {isa = PBXFileReference; lastKnownFileType = sourcecode.swift; path = AWSAppSyncClientProtocol.swift; sourceTree = "<group>"; };
		A016B873242FB6F300D4057B /* AWSContainer.swift */ = {isa = PBXFileReference; lastKnownFileType = sourcecode.swift; path = AWSContainer.swift; sourceTree = "<group>"; };
		A0255BDD24250290001E117D /* Styling.swift */ = {isa = PBXFileReference; lastKnownFileType = sourcecode.swift; path = Styling.swift; sourceTree = "<group>"; };
		A0255BE5242506CA001E117D /* UILabel+.swift */ = {isa = PBXFileReference; lastKnownFileType = sourcecode.swift; path = "UILabel+.swift"; sourceTree = "<group>"; };
		A0297D04241A61070089F38C /* EventDetail.swift */ = {isa = PBXFileReference; lastKnownFileType = sourcecode.swift; path = EventDetail.swift; sourceTree = "<group>"; };
		A0297D08241A7DA10089F38C /* EventDetailPresenterTests.swift */ = {isa = PBXFileReference; lastKnownFileType = sourcecode.swift; path = EventDetailPresenterTests.swift; sourceTree = "<group>"; };
		A030AEA3242C0A5E00BFCFC5 /* eventsByStartDate.json */ = {isa = PBXFileReference; explicitFileType = text.json; path = eventsByStartDate.json; sourceTree = "<group>"; xcLanguageSpecificationIdentifier = xcode.lang.json; };
		A030AEA5242C0AF600BFCFC5 /* MockAPIClient.swift */ = {isa = PBXFileReference; lastKnownFileType = sourcecode.swift; path = MockAPIClient.swift; sourceTree = "<group>"; };
		A030AEA7242CE2EF00BFCFC5 /* Mockable.swift */ = {isa = PBXFileReference; lastKnownFileType = sourcecode.swift; path = Mockable.swift; sourceTree = "<group>"; };
		A030AEA9242CE30300BFCFC5 /* Fetchable.swift */ = {isa = PBXFileReference; lastKnownFileType = sourcecode.swift; path = Fetchable.swift; sourceTree = "<group>"; };
		A0324FC9245781AF00971C23 /* AuthService.swift */ = {isa = PBXFileReference; lastKnownFileType = sourcecode.swift; path = AuthService.swift; sourceTree = "<group>"; };
		A0324FCD245860E800971C23 /* AuthClientProtocol.swift */ = {isa = PBXFileReference; lastKnownFileType = sourcecode.swift; path = AuthClientProtocol.swift; sourceTree = "<group>"; };
		A038D17724184AD100507207 /* EventSummaryCell.swift */ = {isa = PBXFileReference; lastKnownFileType = sourcecode.swift; path = EventSummaryCell.swift; sourceTree = "<group>"; };
		A03A02F12464119F00C5B7E9 /* AccountViewController.swift */ = {isa = PBXFileReference; lastKnownFileType = sourcecode.swift; path = AccountViewController.swift; sourceTree = "<group>"; };
		A03A02F3246411A900C5B7E9 /* AccountInteractor.swift */ = {isa = PBXFileReference; lastKnownFileType = sourcecode.swift; path = AccountInteractor.swift; sourceTree = "<group>"; };
		A03A02F5246411B100C5B7E9 /* AccountPresenter.swift */ = {isa = PBXFileReference; lastKnownFileType = sourcecode.swift; path = AccountPresenter.swift; sourceTree = "<group>"; };
		A03A02F7246411BA00C5B7E9 /* AccountRouter.swift */ = {isa = PBXFileReference; lastKnownFileType = sourcecode.swift; path = AccountRouter.swift; sourceTree = "<group>"; };
		A03A03052469EA9000C5B7E9 /* SessionService.swift */ = {isa = PBXFileReference; lastKnownFileType = sourcecode.swift; path = SessionService.swift; sourceTree = "<group>"; };
		A03A0308246C0C9D00C5B7E9 /* AppleAuthService.swift */ = {isa = PBXFileReference; lastKnownFileType = sourcecode.swift; path = AppleAuthService.swift; sourceTree = "<group>"; };
		A03A030C2474240500C5B7E9 /* AccountUserInfoView.swift */ = {isa = PBXFileReference; lastKnownFileType = sourcecode.swift; path = AccountUserInfoView.swift; sourceTree = "<group>"; };
		A03A030F2475406700C5B7E9 /* EmptyAccountView.swift */ = {isa = PBXFileReference; lastKnownFileType = sourcecode.swift; path = EmptyAccountView.swift; sourceTree = "<group>"; };
		A03A805C24851CCD0050B464 /* User.swift */ = {isa = PBXFileReference; lastKnownFileType = sourcecode.swift; path = User.swift; sourceTree = "<group>"; };
		A03CC8F0241FDF5E00A1D287 /* Date+.swift */ = {isa = PBXFileReference; lastKnownFileType = sourcecode.swift; path = "Date+.swift"; sourceTree = "<group>"; };
		A03E2AD4241007A900B45712 /* EventSummary.swift */ = {isa = PBXFileReference; lastKnownFileType = sourcecode.swift; path = EventSummary.swift; sourceTree = "<group>"; };
		A03EECEF2411547A00FCDD8C /* AWSClient.swift */ = {isa = PBXFileReference; lastKnownFileType = sourcecode.swift; path = AWSClient.swift; sourceTree = "<group>"; };
		A03EECF324127AF300FCDD8C /* NetworkError.swift */ = {isa = PBXFileReference; lastKnownFileType = sourcecode.swift; path = NetworkError.swift; sourceTree = "<group>"; };
		A041ED3C2419718800DB772F /* EventDetailViewController.swift */ = {isa = PBXFileReference; lastKnownFileType = sourcecode.swift; path = EventDetailViewController.swift; sourceTree = "<group>"; };
		A041ED402419723700DB772F /* EventDetailInteractor.swift */ = {isa = PBXFileReference; lastKnownFileType = sourcecode.swift; path = EventDetailInteractor.swift; sourceTree = "<group>"; };
		A041ED422419736000DB772F /* EventDetailPresenter.swift */ = {isa = PBXFileReference; lastKnownFileType = sourcecode.swift; path = EventDetailPresenter.swift; sourceTree = "<group>"; };
		A041ED44241973D800DB772F /* EventDetailRouter.swift */ = {isa = PBXFileReference; lastKnownFileType = sourcecode.swift; path = EventDetailRouter.swift; sourceTree = "<group>"; };
		A04828B8244CC9A80054199B /* eventByID.json */ = {isa = PBXFileReference; explicitFileType = text.json; path = eventByID.json; sourceTree = "<group>"; xcLanguageSpecificationIdentifier = xcode.lang.json; };
		A04BCE4D2450CEEC000A6969 /* eventByID-empty.json */ = {isa = PBXFileReference; lastKnownFileType = text.json; path = "eventByID-empty.json"; sourceTree = "<group>"; xcLanguageSpecificationIdentifier = xcode.lang.json; };
		A04BCE52245148BC000A6969 /* SignUpViewController.swift */ = {isa = PBXFileReference; lastKnownFileType = sourcecode.swift; path = SignUpViewController.swift; sourceTree = "<group>"; };
		A04BCE55245162C1000A6969 /* SignUpRouter.swift */ = {isa = PBXFileReference; lastKnownFileType = sourcecode.swift; path = SignUpRouter.swift; sourceTree = "<group>"; };
		A04BCE5824516714000A6969 /* SignUpInteractor.swift */ = {isa = PBXFileReference; lastKnownFileType = sourcecode.swift; path = SignUpInteractor.swift; sourceTree = "<group>"; };
		A04BCE5B2451679C000A6969 /* SignUpPresenter.swift */ = {isa = PBXFileReference; lastKnownFileType = sourcecode.swift; path = SignUpPresenter.swift; sourceTree = "<group>"; };
		A04BCE5E245184CC000A6969 /* Atlas.entitlements */ = {isa = PBXFileReference; lastKnownFileType = text.plist.entitlements; path = Atlas.entitlements; sourceTree = "<group>"; };
		A04BCE5F2451AB4A000A6969 /* UIFont+.swift */ = {isa = PBXFileReference; lastKnownFileType = sourcecode.swift; path = "UIFont+.swift"; sourceTree = "<group>"; };
		A0503DBC242A3B5400FF1BA3 /* UIStackView+.swift */ = {isa = PBXFileReference; lastKnownFileType = sourcecode.swift; path = "UIStackView+.swift"; sourceTree = "<group>"; };
		A0503DC5242A87C900FF1BA3 /* EventListPresenterTests.swift */ = {isa = PBXFileReference; lastKnownFileType = sourcecode.swift; path = EventListPresenterTests.swift; sourceTree = "<group>"; };
		A06617C324618DE3009D150E /* Atlas.xctestplan */ = {isa = PBXFileReference; lastKnownFileType = text; name = Atlas.xctestplan; path = Scenes/Atlas.xctestplan; sourceTree = "<group>"; };
		A075E3872409B106006F891F /* awsconfiguration.json */ = {isa = PBXFileReference; fileEncoding = 4; lastKnownFileType = text.json; path = awsconfiguration.json; sourceTree = SOURCE_ROOT; };
		A075E38D240E8201006F891F /* API.swift */ = {isa = PBXFileReference; fileEncoding = 4; lastKnownFileType = sourcecode.swift; path = API.swift; sourceTree = SOURCE_ROOT; };
		A0833799245945F8002E4571 /* AppleAuthData.swift */ = {isa = PBXFileReference; lastKnownFileType = sourcecode.swift; path = AppleAuthData.swift; sourceTree = "<group>"; };
		A083379C2459463E002E4571 /* AuthError.swift */ = {isa = PBXFileReference; lastKnownFileType = sourcecode.swift; path = AuthError.swift; sourceTree = "<group>"; };
		A083379F24594660002E4571 /* AWSAuthState.swift */ = {isa = PBXFileReference; lastKnownFileType = sourcecode.swift; path = AWSAuthState.swift; sourceTree = "<group>"; };
		A08337A2245A28DB002E4571 /* EventDetailSnapshotTests.swift */ = {isa = PBXFileReference; lastKnownFileType = sourcecode.swift; path = EventDetailSnapshotTests.swift; sourceTree = "<group>"; };
		A09038F82420D58E00743881 /* EventListInteractorTests.swift */ = {isa = PBXFileReference; lastKnownFileType = sourcecode.swift; path = EventListInteractorTests.swift; sourceTree = "<group>"; };
		A0AD0786249A65A8009DA2CA /* Keychained.swift */ = {isa = PBXFileReference; lastKnownFileType = sourcecode.swift; path = Keychained.swift; sourceTree = "<group>"; };
		A0B661B12400265F001C5B40 /* Atlas.app */ = {isa = PBXFileReference; explicitFileType = wrapper.application; includeInIndex = 0; path = Atlas.app; sourceTree = BUILT_PRODUCTS_DIR; };
		A0B661B42400265F001C5B40 /* AppDelegate.swift */ = {isa = PBXFileReference; lastKnownFileType = sourcecode.swift; path = AppDelegate.swift; sourceTree = "<group>"; };
		A0B661B82400265F001C5B40 /* EventListViewController.swift */ = {isa = PBXFileReference; lastKnownFileType = sourcecode.swift; path = EventListViewController.swift; sourceTree = "<group>"; };
		A0B661BD24002660001C5B40 /* Assets.xcassets */ = {isa = PBXFileReference; lastKnownFileType = folder.assetcatalog; path = Assets.xcassets; sourceTree = "<group>"; };
		A0B661C024002661001C5B40 /* Base */ = {isa = PBXFileReference; lastKnownFileType = file.storyboard; name = Base; path = Base.lproj/LaunchScreen.storyboard; sourceTree = "<group>"; };
		A0B661C224002661001C5B40 /* Info.plist */ = {isa = PBXFileReference; lastKnownFileType = text.plist.xml; path = Info.plist; sourceTree = "<group>"; };
		A0B661C724002661001C5B40 /* AtlasTests.xctest */ = {isa = PBXFileReference; explicitFileType = wrapper.cfbundle; includeInIndex = 0; path = AtlasTests.xctest; sourceTree = BUILT_PRODUCTS_DIR; };
		A0B661CB24002661001C5B40 /* AtlasTests.swift */ = {isa = PBXFileReference; lastKnownFileType = sourcecode.swift; path = AtlasTests.swift; sourceTree = "<group>"; };
		A0B661CD24002661001C5B40 /* Info.plist */ = {isa = PBXFileReference; lastKnownFileType = text.plist.xml; path = Info.plist; sourceTree = "<group>"; };
		A0B661D224002661001C5B40 /* AtlasUITests.xctest */ = {isa = PBXFileReference; explicitFileType = wrapper.cfbundle; includeInIndex = 0; path = AtlasUITests.xctest; sourceTree = BUILT_PRODUCTS_DIR; };
		A0B661D624002661001C5B40 /* AtlasUITests.swift */ = {isa = PBXFileReference; lastKnownFileType = sourcecode.swift; path = AtlasUITests.swift; sourceTree = "<group>"; };
		A0B661D824002661001C5B40 /* Info.plist */ = {isa = PBXFileReference; lastKnownFileType = text.plist.xml; path = Info.plist; sourceTree = "<group>"; };
		A0B98B66243FB475004C072F /* SceneContainer.swift */ = {isa = PBXFileReference; lastKnownFileType = sourcecode.swift; path = SceneContainer.swift; sourceTree = "<group>"; };
		A0BE38C524192D8C0077DE4E /* EventListRouter.swift */ = {isa = PBXFileReference; lastKnownFileType = sourcecode.swift; path = EventListRouter.swift; sourceTree = "<group>"; };
		A0C8B7F82423DED100B4882D /* Sequence+.swift */ = {isa = PBXFileReference; lastKnownFileType = sourcecode.swift; path = "Sequence+.swift"; sourceTree = "<group>"; };
		A0DBC47F24014C43002419C6 /* EventListInteractor.swift */ = {isa = PBXFileReference; lastKnownFileType = sourcecode.swift; path = EventListInteractor.swift; sourceTree = "<group>"; };
		A0DBC4852401CC57002419C6 /* EventListPresenter.swift */ = {isa = PBXFileReference; lastKnownFileType = sourcecode.swift; path = EventListPresenter.swift; sourceTree = "<group>"; };
		A0DBC4882401CC86002419C6 /* EventService.swift */ = {isa = PBXFileReference; lastKnownFileType = sourcecode.swift; path = EventService.swift; sourceTree = "<group>"; };
		A0F6FECF247591FF00302B70 /* ProfileService.swift */ = {isa = PBXFileReference; lastKnownFileType = sourcecode.swift; path = ProfileService.swift; sourceTree = "<group>"; };
		A0FAFC4224588951006F46B1 /* KeychainWrapper.swift */ = {isa = PBXFileReference; lastKnownFileType = sourcecode.swift; path = KeychainWrapper.swift; sourceTree = "<group>"; };
		A0FAFC44245889A9006F46B1 /* KeychainItemAccessibility.swift */ = {isa = PBXFileReference; lastKnownFileType = sourcecode.swift; path = KeychainItemAccessibility.swift; sourceTree = "<group>"; };
		A0FAFC4824592222006F46B1 /* PasswordGenerator.swift */ = {isa = PBXFileReference; lastKnownFileType = sourcecode.swift; path = PasswordGenerator.swift; sourceTree = "<group>"; };
		C083B80D55FBBCBA506E560C /* Pods_Atlas_AtlasTests.framework */ = {isa = PBXFileReference; explicitFileType = wrapper.framework; includeInIndex = 0; path = Pods_Atlas_AtlasTests.framework; sourceTree = BUILT_PRODUCTS_DIR; };
		CE01D6A39A386AF4534E8C2A /* Pods-AtlasTests.debug.xcconfig */ = {isa = PBXFileReference; includeInIndex = 1; lastKnownFileType = text.xcconfig; name = "Pods-AtlasTests.debug.xcconfig"; path = "Target Support Files/Pods-AtlasTests/Pods-AtlasTests.debug.xcconfig"; sourceTree = "<group>"; };
		D8C5FE42EC600F9FCD056ECE /* Pods-AtlasTests.release.xcconfig */ = {isa = PBXFileReference; includeInIndex = 1; lastKnownFileType = text.xcconfig; name = "Pods-AtlasTests.release.xcconfig"; path = "Target Support Files/Pods-AtlasTests/Pods-AtlasTests.release.xcconfig"; sourceTree = "<group>"; };
		EC3F48CF986D9829F5CED7F7 /* Pods-Atlas-AtlasTests.debug.xcconfig */ = {isa = PBXFileReference; includeInIndex = 1; lastKnownFileType = text.xcconfig; name = "Pods-Atlas-AtlasTests.debug.xcconfig"; path = "Target Support Files/Pods-Atlas-AtlasTests/Pods-Atlas-AtlasTests.debug.xcconfig"; sourceTree = "<group>"; };
/* End PBXFileReference section */

/* Begin PBXFrameworksBuildPhase section */
		A0B661AE2400265F001C5B40 /* Frameworks */ = {
			isa = PBXFrameworksBuildPhase;
			buildActionMask = 2147483647;
			files = (
				FCB58863BC11DF4258B6FA5B /* Pods_Atlas.framework in Frameworks */,
			);
			runOnlyForDeploymentPostprocessing = 0;
		};
		A0B661C424002661001C5B40 /* Frameworks */ = {
			isa = PBXFrameworksBuildPhase;
			buildActionMask = 2147483647;
			files = (
				D67B2EEF1A4087F5B57E076D /* Pods_Atlas_AtlasTests.framework in Frameworks */,
			);
			runOnlyForDeploymentPostprocessing = 0;
		};
		A0B661CF24002661001C5B40 /* Frameworks */ = {
			isa = PBXFrameworksBuildPhase;
			buildActionMask = 2147483647;
			files = (
				248449CB3C6D55648E1CB065 /* Pods_AtlasUITests.framework in Frameworks */,
			);
			runOnlyForDeploymentPostprocessing = 0;
		};
/* End PBXFrameworksBuildPhase section */

/* Begin PBXGroup section */
		95CEF6FD256C1CF74FDF6037 /* Pods */ = {
			isa = PBXGroup;
			children = (
				20AF0E40AC13C366A6F115BB /* Pods-Atlas.debug.xcconfig */,
				7A8B9AFFE0BA61DD04AE4614 /* Pods-Atlas.release.xcconfig */,
				CE01D6A39A386AF4534E8C2A /* Pods-AtlasTests.debug.xcconfig */,
				D8C5FE42EC600F9FCD056ECE /* Pods-AtlasTests.release.xcconfig */,
				0682ECE22C2A271A34D67191 /* Pods-AtlasUITests.debug.xcconfig */,
				2ADB5E1BEB8C2F048D089991 /* Pods-AtlasUITests.release.xcconfig */,
				EC3F48CF986D9829F5CED7F7 /* Pods-Atlas-AtlasTests.debug.xcconfig */,
				47B33BE662AA3E9DAD41AE5C /* Pods-Atlas-AtlasTests.release.xcconfig */,
			);
			path = Pods;
			sourceTree = "<group>";
		};
		991808CDF031BF198AF0FD0A /* Frameworks */ = {
			isa = PBXGroup;
			children = (
				56497F2372BE0C7AA23CEAAF /* Pods_Atlas.framework */,
				8AA48707140C7C543758D0AE /* Pods_AtlasUITests.framework */,
				C083B80D55FBBCBA506E560C /* Pods_Atlas_AtlasTests.framework */,
			);
			name = Frameworks;
			sourceTree = "<group>";
		};
		A00C65622423AE6A00D12C8D /* Enums */ = {
			isa = PBXGroup;
			children = (
				A00C655C24238DE900D12C8D /* SectionType.swift */,
				A0255BDD24250290001E117D /* Styling.swift */,
				A083379F24594660002E4571 /* AWSAuthState.swift */,
			);
			path = Enums;
			sourceTree = "<group>";
		};
		A00DFE7C2416E17A005A729E /* Scenes */ = {
			isa = PBXGroup;
			children = (
				A03A02F02464115500C5B7E9 /* Account */,
				A04BCE51245148A0000A6969 /* SignUp */,
				A041ED3B24196FD900DB772F /* EventDetail */,
				A03B2C88240EC93800A6A411 /* EventList */,
			);
			path = Scenes;
			sourceTree = "<group>";
		};
		A0255BE02425066F001E117D /* Protocols */ = {
			isa = PBXGroup;
			children = (
				A030AEA7242CE2EF00BFCFC5 /* Mockable.swift */,
				A030AEA9242CE30300BFCFC5 /* Fetchable.swift */,
				A016B870242FAB1D00D4057B /* AWSAppSyncClientProtocol.swift */,
				A0324FCD245860E800971C23 /* AuthClientProtocol.swift */,
			);
			path = Protocols;
			sourceTree = "<group>";
		};
		A030AEA2242C09F100BFCFC5 /* Mocks */ = {
			isa = PBXGroup;
			children = (
				A030AEA3242C0A5E00BFCFC5 /* eventsByStartDate.json */,
				A04828B8244CC9A80054199B /* eventByID.json */,
				A04BCE4D2450CEEC000A6969 /* eventByID-empty.json */,
				A030AEA5242C0AF600BFCFC5 /* MockAPIClient.swift */,
			);
			path = Mocks;
			sourceTree = "<group>";
		};
		A03562F7240EF70800299AC4 /* Models */ = {
			isa = PBXGroup;
			children = (
				A03E2AD4241007A900B45712 /* EventSummary.swift */,
				A0297D04241A61070089F38C /* EventDetail.swift */,
				A03A805C24851CCD0050B464 /* User.swift */,
				A00C655F2423AE2B00D12C8D /* EventList.swift */,
				A0833799245945F8002E4571 /* AppleAuthData.swift */,
			);
			path = Models;
			sourceTree = "<group>";
		};
		A03A02F02464115500C5B7E9 /* Account */ = {
			isa = PBXGroup;
			children = (
				A03A030B247423E800C5B7E9 /* Views */,
				A03A02F12464119F00C5B7E9 /* AccountViewController.swift */,
				A03A02F3246411A900C5B7E9 /* AccountInteractor.swift */,
				A03A02F5246411B100C5B7E9 /* AccountPresenter.swift */,
				A03A02F7246411BA00C5B7E9 /* AccountRouter.swift */,
			);
			path = Account;
			sourceTree = "<group>";
		};
		A03A030B247423E800C5B7E9 /* Views */ = {
			isa = PBXGroup;
			children = (
				A03A030C2474240500C5B7E9 /* AccountUserInfoView.swift */,
				A03A030F2475406700C5B7E9 /* EmptyAccountView.swift */,
			);
			path = Views;
			sourceTree = "<group>";
		};
		A03B2C88240EC93800A6A411 /* EventList */ = {
			isa = PBXGroup;
			children = (
				A0DBC4852401CC57002419C6 /* EventListPresenter.swift */,
				A0BE38C524192D8C0077DE4E /* EventListRouter.swift */,
				A0DBC47F24014C43002419C6 /* EventListInteractor.swift */,
				A0B661B82400265F001C5B40 /* EventListViewController.swift */,
				A038D17724184AD100507207 /* EventSummaryCell.swift */,
			);
			path = EventList;
			sourceTree = "<group>";
		};
		A03EECF224127AD700FCDD8C /* Errors */ = {
			isa = PBXGroup;
			children = (
				A03EECF324127AF300FCDD8C /* NetworkError.swift */,
				A083379C2459463E002E4571 /* AuthError.swift */,
				A0AD0786249A65A8009DA2CA /* Keychained.swift */,
			);
			path = Errors;
			sourceTree = "<group>";
		};
		A03F48C62403050C00992232 /* Network */ = {
			isa = PBXGroup;
			children = (
				A03EECEF2411547A00FCDD8C /* AWSClient.swift */,
			);
			path = Network;
			sourceTree = "<group>";
		};
		A041ED3B24196FD900DB772F /* EventDetail */ = {
			isa = PBXGroup;
			children = (
				A041ED3C2419718800DB772F /* EventDetailViewController.swift */,
				A041ED402419723700DB772F /* EventDetailInteractor.swift */,
				A041ED44241973D800DB772F /* EventDetailRouter.swift */,
				A041ED422419736000DB772F /* EventDetailPresenter.swift */,
			);
			path = EventDetail;
			sourceTree = "<group>";
		};
		A04BCE51245148A0000A6969 /* SignUp */ = {
			isa = PBXGroup;
			children = (
				A04BCE52245148BC000A6969 /* SignUpViewController.swift */,
				A04BCE55245162C1000A6969 /* SignUpRouter.swift */,
				A04BCE5824516714000A6969 /* SignUpInteractor.swift */,
				A04BCE5B2451679C000A6969 /* SignUpPresenter.swift */,
			);
			path = SignUp;
			sourceTree = "<group>";
		};
		A0503DC2242A875400FF1BA3 /* Scenes */ = {
			isa = PBXGroup;
			children = (
				A0503DC4242A876800FF1BA3 /* EventDetail */,
				A0503DC3242A875E00FF1BA3 /* EventList */,
			);
			path = Scenes;
			sourceTree = "<group>";
		};
		A0503DC3242A875E00FF1BA3 /* EventList */ = {
			isa = PBXGroup;
			children = (
				A09038F82420D58E00743881 /* EventListInteractorTests.swift */,
				A0503DC5242A87C900FF1BA3 /* EventListPresenterTests.swift */,
				A00A6F63242B7298001EAF54 /* EventListSnapshotTests.swift */,
			);
			path = EventList;
			sourceTree = "<group>";
		};
		A0503DC4242A876800FF1BA3 /* EventDetail */ = {
			isa = PBXGroup;
			children = (
				A0297D08241A7DA10089F38C /* EventDetailPresenterTests.swift */,
				A08337A2245A28DB002E4571 /* EventDetailSnapshotTests.swift */,
			);
			path = EventDetail;
			sourceTree = "<group>";
		};
		A0B661A82400265F001C5B40 = {
			isa = PBXGroup;
			children = (
				A0B661B32400265F001C5B40 /* Atlas */,
				A0B661CA24002661001C5B40 /* AtlasTests */,
				A0B661D524002661001C5B40 /* AtlasUITests */,
				A0B661B22400265F001C5B40 /* Products */,
				95CEF6FD256C1CF74FDF6037 /* Pods */,
				991808CDF031BF198AF0FD0A /* Frameworks */,
			);
			sourceTree = "<group>";
		};
		A0B661B22400265F001C5B40 /* Products */ = {
			isa = PBXGroup;
			children = (
				A0B661B12400265F001C5B40 /* Atlas.app */,
				A0B661C724002661001C5B40 /* AtlasTests.xctest */,
				A0B661D224002661001C5B40 /* AtlasUITests.xctest */,
			);
			name = Products;
			sourceTree = "<group>";
		};
		A0B661B32400265F001C5B40 /* Atlas */ = {
			isa = PBXGroup;
			children = (
				A04BCE5E245184CC000A6969 /* Atlas.entitlements */,
				A075E38D240E8201006F891F /* API.swift */,
				A075E3872409B106006F891F /* awsconfiguration.json */,
				A0B661B42400265F001C5B40 /* AppDelegate.swift */,
				A0255BE02425066F001E117D /* Protocols */,
				A00C65622423AE6A00D12C8D /* Enums */,
				A0FEA88A241BF87400B3F3A1 /* Utilities */,
				A03EECF224127AD700FCDD8C /* Errors */,
				A03562F7240EF70800299AC4 /* Models */,
				A03F48C62403050C00992232 /* Network */,
				A0DBC4872401CC72002419C6 /* Service */,
				A00DFE7C2416E17A005A729E /* Scenes */,
				A0B661BD24002660001C5B40 /* Assets.xcassets */,
				A0B661BF24002661001C5B40 /* LaunchScreen.storyboard */,
				A0B661C224002661001C5B40 /* Info.plist */,
				A016B873242FB6F300D4057B /* AWSContainer.swift */,
				A0B98B66243FB475004C072F /* SceneContainer.swift */,
			);
			path = Atlas;
			sourceTree = "<group>";
		};
		A0B661CA24002661001C5B40 /* AtlasTests */ = {
			isa = PBXGroup;
			children = (
				A06617C324618DE3009D150E /* Atlas.xctestplan */,
				A030AEA2242C09F100BFCFC5 /* Mocks */,
				A0503DC2242A875400FF1BA3 /* Scenes */,
				A0B661CB24002661001C5B40 /* AtlasTests.swift */,
				A0B661CD24002661001C5B40 /* Info.plist */,
				A00C655924238D9300D12C8D /* SectionTypeTests.swift */,
			);
			path = AtlasTests;
			sourceTree = "<group>";
		};
		A0B661D524002661001C5B40 /* AtlasUITests */ = {
			isa = PBXGroup;
			children = (
				A0B661D624002661001C5B40 /* AtlasUITests.swift */,
				A0B661D824002661001C5B40 /* Info.plist */,
			);
			path = AtlasUITests;
			sourceTree = "<group>";
		};
		A0DBC4872401CC72002419C6 /* Service */ = {
			isa = PBXGroup;
			children = (
				A0DBC4882401CC86002419C6 /* EventService.swift */,
				A0324FC9245781AF00971C23 /* AuthService.swift */,
				A03A03052469EA9000C5B7E9 /* SessionService.swift */,
				A03A0308246C0C9D00C5B7E9 /* AppleAuthService.swift */,
				A0F6FECF247591FF00302B70 /* ProfileService.swift */,
			);
			path = Service;
			sourceTree = "<group>";
		};
		A0FEA88A241BF87400B3F3A1 /* Utilities */ = {
			isa = PBXGroup;
			children = (
				A0FAFC4824592222006F46B1 /* PasswordGenerator.swift */,
				A0FAFC4224588951006F46B1 /* KeychainWrapper.swift */,
				A0FAFC44245889A9006F46B1 /* KeychainItemAccessibility.swift */,
				A03CC8F0241FDF5E00A1D287 /* Date+.swift */,
				A0C8B7F82423DED100B4882D /* Sequence+.swift */,
				A0255BE5242506CA001E117D /* UILabel+.swift */,
				A0503DBC242A3B5400FF1BA3 /* UIStackView+.swift */,
				A04BCE5F2451AB4A000A6969 /* UIFont+.swift */,
			);
			path = Utilities;
			sourceTree = "<group>";
		};
/* End PBXGroup section */

/* Begin PBXNativeTarget section */
		A0B661B02400265F001C5B40 /* Atlas */ = {
			isa = PBXNativeTarget;
			buildConfigurationList = A0B661DB24002661001C5B40 /* Build configuration list for PBXNativeTarget "Atlas" */;
			buildPhases = (
				5A718B73CE154C601F090824 /* [CP] Check Pods Manifest.lock */,
				A0B661AD2400265F001C5B40 /* Sources */,
				A0B661AE2400265F001C5B40 /* Frameworks */,
				A0B661AF2400265F001C5B40 /* Resources */,
				0B4FBE8063F085AF8F8E417E /* [CP] Embed Pods Frameworks */,
			);
			buildRules = (
			);
			dependencies = (
			);
			name = Atlas;
			productName = Atlas;
			productReference = A0B661B12400265F001C5B40 /* Atlas.app */;
			productType = "com.apple.product-type.application";
		};
		A0B661C624002661001C5B40 /* AtlasTests */ = {
			isa = PBXNativeTarget;
			buildConfigurationList = A0B661DE24002661001C5B40 /* Build configuration list for PBXNativeTarget "AtlasTests" */;
			buildPhases = (
				B6EF6A5B8D71B311D8FB653D /* [CP] Check Pods Manifest.lock */,
				A0B661C324002661001C5B40 /* Sources */,
				A0B661C424002661001C5B40 /* Frameworks */,
				A0B661C524002661001C5B40 /* Resources */,
				9E0438228107397A70A26809 /* [CP] Embed Pods Frameworks */,
			);
			buildRules = (
			);
			dependencies = (
				A03562F6240EDEA900299AC4 /* PBXTargetDependency */,
			);
			name = AtlasTests;
			productName = AtlasTests;
			productReference = A0B661C724002661001C5B40 /* AtlasTests.xctest */;
			productType = "com.apple.product-type.bundle.unit-test";
		};
		A0B661D124002661001C5B40 /* AtlasUITests */ = {
			isa = PBXNativeTarget;
			buildConfigurationList = A0B661E124002661001C5B40 /* Build configuration list for PBXNativeTarget "AtlasUITests" */;
			buildPhases = (
				1B33EA3E8650CD45F3F5AAB7 /* [CP] Check Pods Manifest.lock */,
				A0B661CE24002661001C5B40 /* Sources */,
				A0B661CF24002661001C5B40 /* Frameworks */,
				A0B661D024002661001C5B40 /* Resources */,
			);
			buildRules = (
			);
			dependencies = (
				A0B661D424002661001C5B40 /* PBXTargetDependency */,
			);
			name = AtlasUITests;
			productName = AtlasUITests;
			productReference = A0B661D224002661001C5B40 /* AtlasUITests.xctest */;
			productType = "com.apple.product-type.bundle.ui-testing";
		};
/* End PBXNativeTarget section */

/* Begin PBXProject section */
		A0B661A92400265F001C5B40 /* Project object */ = {
			isa = PBXProject;
			attributes = {
				LastSwiftUpdateCheck = 1130;
				LastUpgradeCheck = 1130;
				ORGANIZATIONNAME = "Parvin Sital";
				TargetAttributes = {
					A0B661B02400265F001C5B40 = {
						CreatedOnToolsVersion = 11.3.1;
					};
					A0B661C624002661001C5B40 = {
						CreatedOnToolsVersion = 11.3.1;
					};
					A0B661D124002661001C5B40 = {
						CreatedOnToolsVersion = 11.3.1;
						TestTargetID = A0B661B02400265F001C5B40;
					};
				};
			};
			buildConfigurationList = A0B661AC2400265F001C5B40 /* Build configuration list for PBXProject "Atlas" */;
			compatibilityVersion = "Xcode 9.3";
			developmentRegion = en;
			hasScannedForEncodings = 0;
			knownRegions = (
				en,
				Base,
			);
			mainGroup = A0B661A82400265F001C5B40;
			productRefGroup = A0B661B22400265F001C5B40 /* Products */;
			projectDirPath = "";
			projectRoot = "";
			targets = (
				A0B661B02400265F001C5B40 /* Atlas */,
				A0B661C624002661001C5B40 /* AtlasTests */,
				A0B661D124002661001C5B40 /* AtlasUITests */,
			);
		};
/* End PBXProject section */

/* Begin PBXResourcesBuildPhase section */
		A0B661AF2400265F001C5B40 /* Resources */ = {
			isa = PBXResourcesBuildPhase;
			buildActionMask = 2147483647;
			files = (
				A0B661C124002661001C5B40 /* LaunchScreen.storyboard in Resources */,
				A030AEA4242C0A5E00BFCFC5 /* eventsByStartDate.json in Resources */,
				A0B661BE24002660001C5B40 /* Assets.xcassets in Resources */,
				A075E3882409B107006F891F /* awsconfiguration.json in Resources */,
			);
			runOnlyForDeploymentPostprocessing = 0;
		};
		A0B661C524002661001C5B40 /* Resources */ = {
			isa = PBXResourcesBuildPhase;
			buildActionMask = 2147483647;
			files = (
				A04BCE4E2450CEEC000A6969 /* eventByID-empty.json in Resources */,
				A07BF6B8242D258F002CD54F /* eventsByStartDate.json in Resources */,
				A04828B9244CC9A80054199B /* eventByID.json in Resources */,
			);
			runOnlyForDeploymentPostprocessing = 0;
		};
		A0B661D024002661001C5B40 /* Resources */ = {
			isa = PBXResourcesBuildPhase;
			buildActionMask = 2147483647;
			files = (
			);
			runOnlyForDeploymentPostprocessing = 0;
		};
/* End PBXResourcesBuildPhase section */

/* Begin PBXShellScriptBuildPhase section */
		0B4FBE8063F085AF8F8E417E /* [CP] Embed Pods Frameworks */ = {
			isa = PBXShellScriptBuildPhase;
			buildActionMask = 2147483647;
			files = (
			);
			inputFileListPaths = (
				"${PODS_ROOT}/Target Support Files/Pods-Atlas/Pods-Atlas-frameworks-${CONFIGURATION}-input-files.xcfilelist",
			);
			name = "[CP] Embed Pods Frameworks";
			outputFileListPaths = (
				"${PODS_ROOT}/Target Support Files/Pods-Atlas/Pods-Atlas-frameworks-${CONFIGURATION}-output-files.xcfilelist",
			);
			runOnlyForDeploymentPostprocessing = 0;
			shellPath = /bin/sh;
			shellScript = "\"${PODS_ROOT}/Target Support Files/Pods-Atlas/Pods-Atlas-frameworks.sh\"\n";
			showEnvVarsInLog = 0;
		};
		1B33EA3E8650CD45F3F5AAB7 /* [CP] Check Pods Manifest.lock */ = {
			isa = PBXShellScriptBuildPhase;
			buildActionMask = 2147483647;
			files = (
			);
			inputFileListPaths = (
			);
			inputPaths = (
				"${PODS_PODFILE_DIR_PATH}/Podfile.lock",
				"${PODS_ROOT}/Manifest.lock",
			);
			name = "[CP] Check Pods Manifest.lock";
			outputFileListPaths = (
			);
			outputPaths = (
				"$(DERIVED_FILE_DIR)/Pods-AtlasUITests-checkManifestLockResult.txt",
			);
			runOnlyForDeploymentPostprocessing = 0;
			shellPath = /bin/sh;
			shellScript = "diff \"${PODS_PODFILE_DIR_PATH}/Podfile.lock\" \"${PODS_ROOT}/Manifest.lock\" > /dev/null\nif [ $? != 0 ] ; then\n    # print error to STDERR\n    echo \"error: The sandbox is not in sync with the Podfile.lock. Run 'pod install' or update your CocoaPods installation.\" >&2\n    exit 1\nfi\n# This output is used by Xcode 'outputs' to avoid re-running this script phase.\necho \"SUCCESS\" > \"${SCRIPT_OUTPUT_FILE_0}\"\n";
			showEnvVarsInLog = 0;
		};
		5A718B73CE154C601F090824 /* [CP] Check Pods Manifest.lock */ = {
			isa = PBXShellScriptBuildPhase;
			buildActionMask = 2147483647;
			files = (
			);
			inputFileListPaths = (
			);
			inputPaths = (
				"${PODS_PODFILE_DIR_PATH}/Podfile.lock",
				"${PODS_ROOT}/Manifest.lock",
			);
			name = "[CP] Check Pods Manifest.lock";
			outputFileListPaths = (
			);
			outputPaths = (
				"$(DERIVED_FILE_DIR)/Pods-Atlas-checkManifestLockResult.txt",
			);
			runOnlyForDeploymentPostprocessing = 0;
			shellPath = /bin/sh;
			shellScript = "diff \"${PODS_PODFILE_DIR_PATH}/Podfile.lock\" \"${PODS_ROOT}/Manifest.lock\" > /dev/null\nif [ $? != 0 ] ; then\n    # print error to STDERR\n    echo \"error: The sandbox is not in sync with the Podfile.lock. Run 'pod install' or update your CocoaPods installation.\" >&2\n    exit 1\nfi\n# This output is used by Xcode 'outputs' to avoid re-running this script phase.\necho \"SUCCESS\" > \"${SCRIPT_OUTPUT_FILE_0}\"\n";
			showEnvVarsInLog = 0;
		};
		9E0438228107397A70A26809 /* [CP] Embed Pods Frameworks */ = {
			isa = PBXShellScriptBuildPhase;
			buildActionMask = 2147483647;
			files = (
			);
			inputFileListPaths = (
				"${PODS_ROOT}/Target Support Files/Pods-Atlas-AtlasTests/Pods-Atlas-AtlasTests-frameworks-${CONFIGURATION}-input-files.xcfilelist",
			);
			name = "[CP] Embed Pods Frameworks";
			outputFileListPaths = (
				"${PODS_ROOT}/Target Support Files/Pods-Atlas-AtlasTests/Pods-Atlas-AtlasTests-frameworks-${CONFIGURATION}-output-files.xcfilelist",
			);
			runOnlyForDeploymentPostprocessing = 0;
			shellPath = /bin/sh;
			shellScript = "\"${PODS_ROOT}/Target Support Files/Pods-Atlas-AtlasTests/Pods-Atlas-AtlasTests-frameworks.sh\"\n";
			showEnvVarsInLog = 0;
		};
		B6EF6A5B8D71B311D8FB653D /* [CP] Check Pods Manifest.lock */ = {
			isa = PBXShellScriptBuildPhase;
			buildActionMask = 2147483647;
			files = (
			);
			inputFileListPaths = (
			);
			inputPaths = (
				"${PODS_PODFILE_DIR_PATH}/Podfile.lock",
				"${PODS_ROOT}/Manifest.lock",
			);
			name = "[CP] Check Pods Manifest.lock";
			outputFileListPaths = (
			);
			outputPaths = (
				"$(DERIVED_FILE_DIR)/Pods-Atlas-AtlasTests-checkManifestLockResult.txt",
			);
			runOnlyForDeploymentPostprocessing = 0;
			shellPath = /bin/sh;
			shellScript = "diff \"${PODS_PODFILE_DIR_PATH}/Podfile.lock\" \"${PODS_ROOT}/Manifest.lock\" > /dev/null\nif [ $? != 0 ] ; then\n    # print error to STDERR\n    echo \"error: The sandbox is not in sync with the Podfile.lock. Run 'pod install' or update your CocoaPods installation.\" >&2\n    exit 1\nfi\n# This output is used by Xcode 'outputs' to avoid re-running this script phase.\necho \"SUCCESS\" > \"${SCRIPT_OUTPUT_FILE_0}\"\n";
			showEnvVarsInLog = 0;
		};
/* End PBXShellScriptBuildPhase section */

/* Begin PBXSourcesBuildPhase section */
		A0B661AD2400265F001C5B40 /* Sources */ = {
			isa = PBXSourcesBuildPhase;
			buildActionMask = 2147483647;
			files = (
				A04BCE53245148BC000A6969 /* SignUpViewController.swift in Sources */,
				A0BE38C624192D8C0077DE4E /* EventListRouter.swift in Sources */,
				A03A03062469EA9000C5B7E9 /* SessionService.swift in Sources */,
				A03A02F6246411B100C5B7E9 /* AccountPresenter.swift in Sources */,
				A0B661B92400265F001C5B40 /* EventListViewController.swift in Sources */,
				A038D17824184AD100507207 /* EventSummaryCell.swift in Sources */,
				A0DBC4862401CC57002419C6 /* EventListPresenter.swift in Sources */,
				A041ED45241973D800DB772F /* EventDetailRouter.swift in Sources */,
				A04BCE56245162C1000A6969 /* SignUpRouter.swift in Sources */,
				A083379A245945F8002E4571 /* AppleAuthData.swift in Sources */,
				A0297D05241A61070089F38C /* EventDetail.swift in Sources */,
				A03EECF02411547A00FCDD8C /* AWSClient.swift in Sources */,
				A03A805D24851CCD0050B464 /* User.swift in Sources */,
				A03CC8F1241FDF5E00A1D287 /* Date+.swift in Sources */,
				A03A02F8246411BA00C5B7E9 /* AccountRouter.swift in Sources */,
				A0AD0787249A65A8009DA2CA /* Keychained.swift in Sources */,
				A00C65602423AE2B00D12C8D /* EventList.swift in Sources */,
				A03A02F4246411A900C5B7E9 /* AccountInteractor.swift in Sources */,
				A041ED432419736000DB772F /* EventDetailPresenter.swift in Sources */,
				A0B98B67243FB475004C072F /* SceneContainer.swift in Sources */,
				A0255BDE24250290001E117D /* Styling.swift in Sources */,
				A041ED412419723700DB772F /* EventDetailInteractor.swift in Sources */,
				A041ED3D2419718800DB772F /* EventDetailViewController.swift in Sources */,
				A0DBC4892401CC86002419C6 /* EventService.swift in Sources */,
				A04BCE5C2451679C000A6969 /* SignUpPresenter.swift in Sources */,
				A03EECF424127AF300FCDD8C /* NetworkError.swift in Sources */,
				A0FAFC4924592222006F46B1 /* PasswordGenerator.swift in Sources */,
				A030AEA6242C0AF600BFCFC5 /* MockAPIClient.swift in Sources */,
				A0B661B52400265F001C5B40 /* AppDelegate.swift in Sources */,
				A04BCE602451AB4A000A6969 /* UIFont+.swift in Sources */,
				A03A0309246C0C9D00C5B7E9 /* AppleAuthService.swift in Sources */,
				A0255BE6242506CA001E117D /* UILabel+.swift in Sources */,
				A016B871242FAB1D00D4057B /* AWSAppSyncClientProtocol.swift in Sources */,
				A03A02F22464119F00C5B7E9 /* AccountViewController.swift in Sources */,
				A0324FCA245781AF00971C23 /* AuthService.swift in Sources */,
				A03A03102475406800C5B7E9 /* EmptyAccountView.swift in Sources */,
				A0DBC48024014C43002419C6 /* EventListInteractor.swift in Sources */,
				A030AEAA242CE30300BFCFC5 /* Fetchable.swift in Sources */,
				A075E38E240E8201006F891F /* API.swift in Sources */,
				A03A030D2474240500C5B7E9 /* AccountUserInfoView.swift in Sources */,
				A0FAFC4324588951006F46B1 /* KeychainWrapper.swift in Sources */,
				A0C8B7F92423DED100B4882D /* Sequence+.swift in Sources */,
				A08337A024594660002E4571 /* AWSAuthState.swift in Sources */,
				A0F6FED0247591FF00302B70 /* ProfileService.swift in Sources */,
				A016B874242FB6F300D4057B /* AWSContainer.swift in Sources */,
				A0324FCE245860E800971C23 /* AuthClientProtocol.swift in Sources */,
				A0503DBD242A3B5400FF1BA3 /* UIStackView+.swift in Sources */,
				A083379D2459463E002E4571 /* AuthError.swift in Sources */,
				A00C655D24238DE900D12C8D /* SectionType.swift in Sources */,
				A030AEA8242CE2EF00BFCFC5 /* Mockable.swift in Sources */,
				A04BCE5924516714000A6969 /* SignUpInteractor.swift in Sources */,
				A0FAFC45245889A9006F46B1 /* KeychainItemAccessibility.swift in Sources */,
				A03E2AD5241007A900B45712 /* EventSummary.swift in Sources */,
			);
			runOnlyForDeploymentPostprocessing = 0;
		};
		A0B661C324002661001C5B40 /* Sources */ = {
			isa = PBXSourcesBuildPhase;
			buildActionMask = 2147483647;
			files = (
				A00A6AF4242D159300251DE4 /* MockAPIClient.swift in Sources */,
				A0255BE7242506DA001E117D /* UILabel+.swift in Sources */,
				A03A02FA2464168300C5B7E9 /* AccountViewController.swift in Sources */,
				A03EECF524127AFD00FCDD8C /* NetworkError.swift in Sources */,
				A09038FE2420E6B000743881 /* EventSummaryCell.swift in Sources */,
				A016B872242FAECE00D4057B /* AWSAppSyncClientProtocol.swift in Sources */,
				A03A0307246AFEFA00C5B7E9 /* SessionService.swift in Sources */,
				A09038FD2420E68300743881 /* EventListViewController.swift in Sources */,
				A083379E24594648002E4571 /* AuthError.swift in Sources */,
				A00C655E24238E1900D12C8D /* SectionType.swift in Sources */,
				A0297D18241A902D0089F38C /* EventDetail.swift in Sources */,
				A04BCE5D245167A1000A6969 /* SignUpPresenter.swift in Sources */,
				A0FAFC462458945B006F46B1 /* KeychainWrapper.swift in Sources */,
				A0297D1C241A90410089F38C /* EventDetailInteractor.swift in Sources */,
				A0FAFC4724589468006F46B1 /* KeychainItemAccessibility.swift in Sources */,
				A083379B24594605002E4571 /* AppleAuthData.swift in Sources */,
				A0324FCF2458619200971C23 /* AuthService.swift in Sources */,
				A04BCE612451AB62000A6969 /* UIFont+.swift in Sources */,
				A03A030E2474240500C5B7E9 /* AccountUserInfoView.swift in Sources */,
				A0FAFC4A245922BA006F46B1 /* PasswordGenerator.swift in Sources */,
				A0503DC6242A87C900FF1BA3 /* EventListPresenterTests.swift in Sources */,
				A00A6AF3242D152200251DE4 /* Fetchable.swift in Sources */,
				A00A6F64242B7298001EAF54 /* EventListSnapshotTests.swift in Sources */,
				A0503DC1242A762900FF1BA3 /* UIStackView+.swift in Sources */,
				A03A02FB2464168700C5B7E9 /* AccountInteractor.swift in Sources */,
				A0C8B7FA2423E08200B4882D /* Sequence+.swift in Sources */,
				A0B98B68243FB72B004C072F /* SceneContainer.swift in Sources */,
				A03A03112475406800C5B7E9 /* EmptyAccountView.swift in Sources */,
				A0297D1F241A90610089F38C /* EventService.swift in Sources */,
				A0B98B69243FB751004C072F /* AWSContainer.swift in Sources */,
				A04BCE5A24516738000A6969 /* SignUpInteractor.swift in Sources */,
				A0297D20241A907A0089F38C /* AWSClient.swift in Sources */,
				A03E2AD62410087100B45712 /* EventSummary.swift in Sources */,
				A09038FB2420D5CB00743881 /* EventListRouter.swift in Sources */,
				A04BCE57245165B9000A6969 /* SignUpRouter.swift in Sources */,
				A0B661CC24002661001C5B40 /* AtlasTests.swift in Sources */,
				A0297D09241A7DA10089F38C /* EventDetailPresenterTests.swift in Sources */,
				A0297D17241A90280089F38C /* API.swift in Sources */,
				A03A030A246C0CB200C5B7E9 /* AppleAuthService.swift in Sources */,
				A0255BDF242502A2001E117D /* Styling.swift in Sources */,
				A04BCE542451499F000A6969 /* SignUpViewController.swift in Sources */,
				A0297D1E241A90470089F38C /* EventDetailPresenter.swift in Sources */,
				A03A02FC2464168A00C5B7E9 /* AccountPresenter.swift in Sources */,
				A08337A12459466C002E4571 /* AWSAuthState.swift in Sources */,
				A0F6FED1247592D200302B70 /* ProfileService.swift in Sources */,
				A03A02F92464166800C5B7E9 /* AccountRouter.swift in Sources */,
				A0297D1B241A903E0089F38C /* EventDetailViewController.swift in Sources */,
				A09038F92420D58E00743881 /* EventListInteractorTests.swift in Sources */,
				A0297D1D241A90440089F38C /* EventDetailRouter.swift in Sources */,
				A00A6AF2242D151D00251DE4 /* Mockable.swift in Sources */,
				A00C655A24238D9300D12C8D /* SectionTypeTests.swift in Sources */,
				A03A805E24851CD10050B464 /* User.swift in Sources */,
				A09038FC2420D5CE00743881 /* EventListInteractor.swift in Sources */,
				A08337A3245A28DB002E4571 /* EventDetailSnapshotTests.swift in Sources */,
				A03CC8F2241FDF6900A1D287 /* Date+.swift in Sources */,
				A09038FA2420D5C900743881 /* EventListPresenter.swift in Sources */,
				A0324FD0245861F500971C23 /* AuthClientProtocol.swift in Sources */,
				A00C65612423AE3A00D12C8D /* EventList.swift in Sources */,
			);
			runOnlyForDeploymentPostprocessing = 0;
		};
		A0B661CE24002661001C5B40 /* Sources */ = {
			isa = PBXSourcesBuildPhase;
			buildActionMask = 2147483647;
			files = (
				A0B661D724002661001C5B40 /* AtlasUITests.swift in Sources */,
			);
			runOnlyForDeploymentPostprocessing = 0;
		};
/* End PBXSourcesBuildPhase section */

/* Begin PBXTargetDependency section */
		A03562F6240EDEA900299AC4 /* PBXTargetDependency */ = {
			isa = PBXTargetDependency;
			target = A0B661B02400265F001C5B40 /* Atlas */;
			targetProxy = A03562F5240EDEA900299AC4 /* PBXContainerItemProxy */;
		};
		A0B661D424002661001C5B40 /* PBXTargetDependency */ = {
			isa = PBXTargetDependency;
			target = A0B661B02400265F001C5B40 /* Atlas */;
			targetProxy = A0B661D324002661001C5B40 /* PBXContainerItemProxy */;
		};
/* End PBXTargetDependency section */

/* Begin PBXVariantGroup section */
		A0B661BF24002661001C5B40 /* LaunchScreen.storyboard */ = {
			isa = PBXVariantGroup;
			children = (
				A0B661C024002661001C5B40 /* Base */,
			);
			name = LaunchScreen.storyboard;
			sourceTree = "<group>";
		};
/* End PBXVariantGroup section */

/* Begin XCBuildConfiguration section */
		A0B661D924002661001C5B40 /* Debug */ = {
			isa = XCBuildConfiguration;
			buildSettings = {
				ALWAYS_SEARCH_USER_PATHS = NO;
				CLANG_ANALYZER_NONNULL = YES;
				CLANG_ANALYZER_NUMBER_OBJECT_CONVERSION = YES_AGGRESSIVE;
				CLANG_CXX_LANGUAGE_STANDARD = "gnu++14";
				CLANG_CXX_LIBRARY = "libc++";
				CLANG_ENABLE_MODULES = YES;
				CLANG_ENABLE_OBJC_ARC = YES;
				CLANG_ENABLE_OBJC_WEAK = YES;
				CLANG_WARN_BLOCK_CAPTURE_AUTORELEASING = YES;
				CLANG_WARN_BOOL_CONVERSION = YES;
				CLANG_WARN_COMMA = YES;
				CLANG_WARN_CONSTANT_CONVERSION = YES;
				CLANG_WARN_DEPRECATED_OBJC_IMPLEMENTATIONS = YES;
				CLANG_WARN_DIRECT_OBJC_ISA_USAGE = YES_ERROR;
				CLANG_WARN_DOCUMENTATION_COMMENTS = YES;
				CLANG_WARN_EMPTY_BODY = YES;
				CLANG_WARN_ENUM_CONVERSION = YES;
				CLANG_WARN_INFINITE_RECURSION = YES;
				CLANG_WARN_INT_CONVERSION = YES;
				CLANG_WARN_NON_LITERAL_NULL_CONVERSION = YES;
				CLANG_WARN_OBJC_IMPLICIT_RETAIN_SELF = YES;
				CLANG_WARN_OBJC_LITERAL_CONVERSION = YES;
				CLANG_WARN_OBJC_ROOT_CLASS = YES_ERROR;
				CLANG_WARN_RANGE_LOOP_ANALYSIS = YES;
				CLANG_WARN_STRICT_PROTOTYPES = YES;
				CLANG_WARN_SUSPICIOUS_MOVE = YES;
				CLANG_WARN_UNGUARDED_AVAILABILITY = YES_AGGRESSIVE;
				CLANG_WARN_UNREACHABLE_CODE = YES;
				CLANG_WARN__DUPLICATE_METHOD_MATCH = YES;
				COPY_PHASE_STRIP = NO;
				DEBUG_INFORMATION_FORMAT = dwarf;
				ENABLE_STRICT_OBJC_MSGSEND = YES;
				ENABLE_TESTABILITY = YES;
				GCC_C_LANGUAGE_STANDARD = gnu11;
				GCC_DYNAMIC_NO_PIC = NO;
				GCC_NO_COMMON_BLOCKS = YES;
				GCC_OPTIMIZATION_LEVEL = 0;
				GCC_PREPROCESSOR_DEFINITIONS = (
					"DEBUG=1",
					"$(inherited)",
				);
				GCC_WARN_64_TO_32_BIT_CONVERSION = YES;
				GCC_WARN_ABOUT_RETURN_TYPE = YES_ERROR;
				GCC_WARN_UNDECLARED_SELECTOR = YES;
				GCC_WARN_UNINITIALIZED_AUTOS = YES_AGGRESSIVE;
				GCC_WARN_UNUSED_FUNCTION = YES;
				GCC_WARN_UNUSED_VARIABLE = YES;
				IPHONEOS_DEPLOYMENT_TARGET = 13.2;
				MTL_ENABLE_DEBUG_INFO = INCLUDE_SOURCE;
				MTL_FAST_MATH = YES;
				ONLY_ACTIVE_ARCH = YES;
				SDKROOT = iphoneos;
				SWIFT_ACTIVE_COMPILATION_CONDITIONS = DEBUG;
				SWIFT_OPTIMIZATION_LEVEL = "-Onone";
				SWIFT_VERSION = 5.0;
			};
			name = Debug;
		};
		A0B661DA24002661001C5B40 /* Release */ = {
			isa = XCBuildConfiguration;
			buildSettings = {
				ALWAYS_SEARCH_USER_PATHS = NO;
				CLANG_ANALYZER_NONNULL = YES;
				CLANG_ANALYZER_NUMBER_OBJECT_CONVERSION = YES_AGGRESSIVE;
				CLANG_CXX_LANGUAGE_STANDARD = "gnu++14";
				CLANG_CXX_LIBRARY = "libc++";
				CLANG_ENABLE_MODULES = YES;
				CLANG_ENABLE_OBJC_ARC = YES;
				CLANG_ENABLE_OBJC_WEAK = YES;
				CLANG_WARN_BLOCK_CAPTURE_AUTORELEASING = YES;
				CLANG_WARN_BOOL_CONVERSION = YES;
				CLANG_WARN_COMMA = YES;
				CLANG_WARN_CONSTANT_CONVERSION = YES;
				CLANG_WARN_DEPRECATED_OBJC_IMPLEMENTATIONS = YES;
				CLANG_WARN_DIRECT_OBJC_ISA_USAGE = YES_ERROR;
				CLANG_WARN_DOCUMENTATION_COMMENTS = YES;
				CLANG_WARN_EMPTY_BODY = YES;
				CLANG_WARN_ENUM_CONVERSION = YES;
				CLANG_WARN_INFINITE_RECURSION = YES;
				CLANG_WARN_INT_CONVERSION = YES;
				CLANG_WARN_NON_LITERAL_NULL_CONVERSION = YES;
				CLANG_WARN_OBJC_IMPLICIT_RETAIN_SELF = YES;
				CLANG_WARN_OBJC_LITERAL_CONVERSION = YES;
				CLANG_WARN_OBJC_ROOT_CLASS = YES_ERROR;
				CLANG_WARN_RANGE_LOOP_ANALYSIS = YES;
				CLANG_WARN_STRICT_PROTOTYPES = YES;
				CLANG_WARN_SUSPICIOUS_MOVE = YES;
				CLANG_WARN_UNGUARDED_AVAILABILITY = YES_AGGRESSIVE;
				CLANG_WARN_UNREACHABLE_CODE = YES;
				CLANG_WARN__DUPLICATE_METHOD_MATCH = YES;
				COPY_PHASE_STRIP = NO;
				DEBUG_INFORMATION_FORMAT = "dwarf-with-dsym";
				ENABLE_NS_ASSERTIONS = NO;
				ENABLE_STRICT_OBJC_MSGSEND = YES;
				GCC_C_LANGUAGE_STANDARD = gnu11;
				GCC_NO_COMMON_BLOCKS = YES;
				GCC_WARN_64_TO_32_BIT_CONVERSION = YES;
				GCC_WARN_ABOUT_RETURN_TYPE = YES_ERROR;
				GCC_WARN_UNDECLARED_SELECTOR = YES;
				GCC_WARN_UNINITIALIZED_AUTOS = YES_AGGRESSIVE;
				GCC_WARN_UNUSED_FUNCTION = YES;
				GCC_WARN_UNUSED_VARIABLE = YES;
				IPHONEOS_DEPLOYMENT_TARGET = 13.2;
				MTL_ENABLE_DEBUG_INFO = NO;
				MTL_FAST_MATH = YES;
				SDKROOT = iphoneos;
				SWIFT_COMPILATION_MODE = wholemodule;
				SWIFT_OPTIMIZATION_LEVEL = "-O";
				SWIFT_VERSION = 5.0;
				VALIDATE_PRODUCT = YES;
			};
			name = Release;
		};
		A0B661DC24002661001C5B40 /* Debug */ = {
			isa = XCBuildConfiguration;
			baseConfigurationReference = 20AF0E40AC13C366A6F115BB /* Pods-Atlas.debug.xcconfig */;
			buildSettings = {
				ASSETCATALOG_COMPILER_APPICON_NAME = AppIcon;
				CODE_SIGN_ENTITLEMENTS = Atlas/Atlas.entitlements;
				CODE_SIGN_IDENTITY = "iPhone Developer";
				CODE_SIGN_STYLE = Manual;
				CURRENT_PROJECT_VERSION = 11;
				DEVELOPMENT_TEAM = 923A857SVG;
				INFOPLIST_FILE = Atlas/Info.plist;
				IPHONEOS_DEPLOYMENT_TARGET = 13.0;
				LD_RUNPATH_SEARCH_PATHS = (
					"$(inherited)",
					"@executable_path/Frameworks",
				);
				MARKETING_VERSION = 1.0.1;
				PRODUCT_BUNDLE_IDENTIFIER = com.edu.parv.Atlas;
				PRODUCT_NAME = "$(TARGET_NAME)";
				PROVISIONING_PROFILE_SPECIFIER = "match Development com.edu.parv.Atlas";
				SWIFT_VERSION = 5.0;
				TARGETED_DEVICE_FAMILY = 1;
				VERSIONING_SYSTEM = "apple-generic";
			};
			name = Debug;
		};
		A0B661DD24002661001C5B40 /* Release */ = {
			isa = XCBuildConfiguration;
			baseConfigurationReference = 7A8B9AFFE0BA61DD04AE4614 /* Pods-Atlas.release.xcconfig */;
			buildSettings = {
				ASSETCATALOG_COMPILER_APPICON_NAME = AppIcon;
				CODE_SIGN_ENTITLEMENTS = Atlas/Atlas.entitlements;
				CODE_SIGN_IDENTITY = "iPhone Developer";
				CODE_SIGN_STYLE = Manual;
				CURRENT_PROJECT_VERSION = 11;
				DEVELOPMENT_TEAM = 923A857SVG;
				INFOPLIST_FILE = Atlas/Info.plist;
				IPHONEOS_DEPLOYMENT_TARGET = 13.0;
				LD_RUNPATH_SEARCH_PATHS = (
					"$(inherited)",
					"@executable_path/Frameworks",
				);
				MARKETING_VERSION = 1.0.1;
				PRODUCT_BUNDLE_IDENTIFIER = com.edu.parv.Atlas;
				PRODUCT_NAME = "$(TARGET_NAME)";
				PROVISIONING_PROFILE_SPECIFIER = "match Development com.edu.parv.Atlas";
				SWIFT_VERSION = 5.0;
				TARGETED_DEVICE_FAMILY = 1;
				VERSIONING_SYSTEM = "apple-generic";
			};
			name = Release;
		};
		A0B661DF24002661001C5B40 /* Debug */ = {
			isa = XCBuildConfiguration;
			baseConfigurationReference = EC3F48CF986D9829F5CED7F7 /* Pods-Atlas-AtlasTests.debug.xcconfig */;
			buildSettings = {
				ALWAYS_EMBED_SWIFT_STANDARD_LIBRARIES = YES;
				CODE_SIGN_STYLE = Automatic;
				DEVELOPMENT_TEAM = 923A857SVG;
				INFOPLIST_FILE = AtlasTests/Info.plist;
				IPHONEOS_DEPLOYMENT_TARGET = 13.2;
				LD_RUNPATH_SEARCH_PATHS = (
					"$(inherited)",
					"@executable_path/Frameworks",
					"@loader_path/Frameworks",
				);
				PRODUCT_BUNDLE_IDENTIFIER = com.edu.parv.AtlasTests;
				PRODUCT_NAME = "$(TARGET_NAME)";
				SWIFT_VERSION = 5.0;
				TARGETED_DEVICE_FAMILY = "1,2";
			};
			name = Debug;
		};
		A0B661E024002661001C5B40 /* Release */ = {
			isa = XCBuildConfiguration;
			baseConfigurationReference = 47B33BE662AA3E9DAD41AE5C /* Pods-Atlas-AtlasTests.release.xcconfig */;
			buildSettings = {
				ALWAYS_EMBED_SWIFT_STANDARD_LIBRARIES = YES;
				CODE_SIGN_STYLE = Automatic;
				DEVELOPMENT_TEAM = 923A857SVG;
				INFOPLIST_FILE = AtlasTests/Info.plist;
				IPHONEOS_DEPLOYMENT_TARGET = 13.2;
				LD_RUNPATH_SEARCH_PATHS = (
					"$(inherited)",
					"@executable_path/Frameworks",
					"@loader_path/Frameworks",
				);
				PRODUCT_BUNDLE_IDENTIFIER = com.edu.parv.AtlasTests;
				PRODUCT_NAME = "$(TARGET_NAME)";
				SWIFT_VERSION = 5.0;
				TARGETED_DEVICE_FAMILY = "1,2";
			};
			name = Release;
		};
		A0B661E224002661001C5B40 /* Debug */ = {
			isa = XCBuildConfiguration;
			baseConfigurationReference = 0682ECE22C2A271A34D67191 /* Pods-AtlasUITests.debug.xcconfig */;
			buildSettings = {
				ALWAYS_EMBED_SWIFT_STANDARD_LIBRARIES = YES;
				CODE_SIGN_STYLE = Automatic;
				DEVELOPMENT_TEAM = 923A857SVG;
				INFOPLIST_FILE = AtlasUITests/Info.plist;
				LD_RUNPATH_SEARCH_PATHS = (
					"$(inherited)",
					"@executable_path/Frameworks",
					"@loader_path/Frameworks",
				);
				PRODUCT_BUNDLE_IDENTIFIER = com.edu.parv.AtlasUITests;
				PRODUCT_NAME = "$(TARGET_NAME)";
				SWIFT_VERSION = 5.0;
				TARGETED_DEVICE_FAMILY = "1,2";
				TEST_TARGET_NAME = Atlas;
			};
			name = Debug;
		};
		A0B661E324002661001C5B40 /* Release */ = {
			isa = XCBuildConfiguration;
			baseConfigurationReference = 2ADB5E1BEB8C2F048D089991 /* Pods-AtlasUITests.release.xcconfig */;
			buildSettings = {
				ALWAYS_EMBED_SWIFT_STANDARD_LIBRARIES = YES;
				CODE_SIGN_STYLE = Automatic;
				DEVELOPMENT_TEAM = 923A857SVG;
				INFOPLIST_FILE = AtlasUITests/Info.plist;
				LD_RUNPATH_SEARCH_PATHS = (
					"$(inherited)",
					"@executable_path/Frameworks",
					"@loader_path/Frameworks",
				);
				PRODUCT_BUNDLE_IDENTIFIER = com.edu.parv.AtlasUITests;
				PRODUCT_NAME = "$(TARGET_NAME)";
				SWIFT_VERSION = 5.0;
				TARGETED_DEVICE_FAMILY = "1,2";
				TEST_TARGET_NAME = Atlas;
			};
			name = Release;
		};
/* End XCBuildConfiguration section */

/* Begin XCConfigurationList section */
		A0B661AC2400265F001C5B40 /* Build configuration list for PBXProject "Atlas" */ = {
			isa = XCConfigurationList;
			buildConfigurations = (
				A0B661D924002661001C5B40 /* Debug */,
				A0B661DA24002661001C5B40 /* Release */,
			);
			defaultConfigurationIsVisible = 0;
			defaultConfigurationName = Release;
		};
		A0B661DB24002661001C5B40 /* Build configuration list for PBXNativeTarget "Atlas" */ = {
			isa = XCConfigurationList;
			buildConfigurations = (
				A0B661DC24002661001C5B40 /* Debug */,
				A0B661DD24002661001C5B40 /* Release */,
			);
			defaultConfigurationIsVisible = 0;
			defaultConfigurationName = Release;
		};
		A0B661DE24002661001C5B40 /* Build configuration list for PBXNativeTarget "AtlasTests" */ = {
			isa = XCConfigurationList;
			buildConfigurations = (
				A0B661DF24002661001C5B40 /* Debug */,
				A0B661E024002661001C5B40 /* Release */,
			);
			defaultConfigurationIsVisible = 0;
			defaultConfigurationName = Release;
		};
		A0B661E124002661001C5B40 /* Build configuration list for PBXNativeTarget "AtlasUITests" */ = {
			isa = XCConfigurationList;
			buildConfigurations = (
				A0B661E224002661001C5B40 /* Debug */,
				A0B661E324002661001C5B40 /* Release */,
			);
			defaultConfigurationIsVisible = 0;
			defaultConfigurationName = Release;
		};
/* End XCConfigurationList section */
	};
	rootObject = A0B661A92400265F001C5B40 /* Project object */;
}
